// !$*UTF8*$!
{
	archiveVersion = 1;
	classes = {
	};
	objectVersion = 46;
	objects = {

/* Begin PBXAggregateTarget section */
		69B0537E7103469AA3993026 /* install */ = {
			isa = PBXAggregateTarget;
			buildConfigurationList = C00CAA6D7B814EC6974BC284 /* Build configuration list for PBXAggregateTarget "install" */;
			buildPhases = (
				7E4BC2A9A7194A79B5334B53 /* CMake PostBuild Rules */,
			);
			dependencies = (
			);
			name = install;
			productName = install;
		};
		7623C63FDED74328B4F5B4A5 /* ALL_BUILD */ = {
			isa = PBXAggregateTarget;
			buildConfigurationList = 3AE05C67AC7D413983105F90 /* Build configuration list for PBXAggregateTarget "ALL_BUILD" */;
			buildPhases = (
				061E233801E540AFB1BDFCCF /* CMake Rules */,
			);
			dependencies = (
				89529DE510214C5AABE54598 /* PBXTargetDependency */,
				DD93B4F791164E0B87D8ECA9 /* PBXTargetDependency */,
			);
			name = ALL_BUILD;
			productName = ALL_BUILD;
		};
		914DEC787B974231AF0D1A08 /* ZERO_CHECK */ = {
			isa = PBXAggregateTarget;
			buildConfigurationList = B33DC7A80E80452791AAA3E7 /* Build configuration list for PBXAggregateTarget "ZERO_CHECK" */;
			buildPhases = (
				E17A9E2D281946FBB92DFAB3 /* CMake Rules */,
			);
			dependencies = (
			);
			name = ZERO_CHECK;
			productName = ZERO_CHECK;
		};
		D6F708C5B8524389802DA500 /* package */ = {
			isa = PBXAggregateTarget;
			buildConfigurationList = 22566CCF2221443EB9FC0CCE /* Build configuration list for PBXAggregateTarget "package" */;
			buildPhases = (
				B8FD9609B67B48D4909EC740 /* CMake PostBuild Rules */,
			);
			dependencies = (
				40EB135AC7C1424FB372FBF9 /* PBXTargetDependency */,
			);
			name = package;
			productName = package;
		};
/* End PBXAggregateTarget section */

/* Begin PBXBuildFile section */
		2787D72E25E046D7B59FA327 /* /Users/apple/MyProject/ntools/modules/wxlua/wxLua/art/wxlualogo.icns */ = {isa = PBXBuildFile; fileRef = 398E758FACA34D60AF3C1BDC /* /Users/apple/MyProject/ntools/modules/wxlua/wxLua/art/wxlualogo.icns */; };
		2DF9F75FA4544770A7345383 /* /Users/apple/MyProject/ntools/modules/wxlua/wxLua/wxLua-build/apps/wxlua/CMakeFiles/wxLua_app.dir/Info.plist */ = {isa = PBXBuildFile; fileRef = BF34DB68B50F46AA84E82246 /* /Users/apple/MyProject/ntools/modules/wxlua/wxLua/wxLua-build/apps/wxlua/CMakeFiles/wxLua_app.dir/Info.plist */; };
		315EB9682C92437F860BCD72 /* /Users/apple/MyProject/ntools/modules/wxlua/wxLua/apps/wxlua/wxlua.rc */ = {isa = PBXBuildFile; fileRef = 26972C6F372F46F18DB77C7A /* /Users/apple/MyProject/ntools/modules/wxlua/wxLua/apps/wxlua/wxlua.rc */; };
		3526B3A76AB846369A237041 /* /Users/apple/MyProject/ntools/modules/wxlua/wxLua/apps/wxlua/wxlua.h */ = {isa = PBXBuildFile; fileRef = CF9112EDEC7A4E738E3EBFF6 /* /Users/apple/MyProject/ntools/modules/wxlua/wxLua/apps/wxlua/wxlua.h */; };
		52C86E339FB540F9959EC435 /* /Users/apple/MyProject/ntools/modules/wxlua/wxLua/apps/wxlua/CMakeLists.txt */ = {isa = PBXBuildFile; fileRef = CE78BF781AB14D77801B47DB /* /Users/apple/MyProject/ntools/modules/wxlua/wxLua/apps/wxlua/CMakeLists.txt */; };
		F29D904F84D242988FD36206 /* /Users/apple/MyProject/ntools/modules/wxlua/wxLua/apps/wxlua/editor.h */ = {isa = PBXBuildFile; fileRef = 84B3DE36617F4F009115CA99 /* /Users/apple/MyProject/ntools/modules/wxlua/wxLua/apps/wxlua/editor.h */; };
		FBFC61AFA3E44C228EBF36CF /* /Users/apple/MyProject/ntools/modules/wxlua/wxLua/apps/wxlua/wxlua.cpp */ = {isa = PBXBuildFile; fileRef = 5F7808B1F6CB4B53A38671A1 /* /Users/apple/MyProject/ntools/modules/wxlua/wxLua/apps/wxlua/wxlua.cpp */; };
/* End PBXBuildFile section */

/* Begin PBXBuildStyle section */
		278288C8665047419FAEF20C /* RelWithDebInfo */ = {
			isa = PBXBuildStyle;
			buildSettings = {
				COPY_PHASE_STRIP = NO;
			};
			name = RelWithDebInfo;
		};
		3F2E576C3C7841CA8F8F9B44 /* Debug */ = {
			isa = PBXBuildStyle;
			buildSettings = {
				COPY_PHASE_STRIP = NO;
			};
			name = Debug;
		};
		6D77042601BE4EB09E76CC19 /* Release */ = {
			isa = PBXBuildStyle;
			buildSettings = {
				COPY_PHASE_STRIP = NO;
			};
			name = Release;
		};
		E6A4C510B83C4B738568F313 /* MinSizeRel */ = {
			isa = PBXBuildStyle;
			buildSettings = {
				COPY_PHASE_STRIP = NO;
			};
			name = MinSizeRel;
		};
/* End PBXBuildStyle section */

/* Begin PBXContainerItemProxy section */
		74545CA9B979412A9DE905E7 /* PBXContainerItemProxy */ = {
			isa = PBXContainerItemProxy;
			containerPortal = A1CFAD6F651F4C94A6432F5B /* Project object */;
			proxyType = 1;
			remoteGlobalIDString = 7623C63FDED74328B4F5B4A5;
			remoteInfo = ALL_BUILD;
		};
		81FDD493D6F24CA491FDB95D /* PBXContainerItemProxy */ = {
			isa = PBXContainerItemProxy;
			containerPortal = A1CFAD6F651F4C94A6432F5B /* Project object */;
			proxyType = 1;
			remoteGlobalIDString = 914DEC787B974231AF0D1A08;
			remoteInfo = ZERO_CHECK;
		};
		9C4BD500E9B147679B3A25EF /* PBXContainerItemProxy */ = {
			isa = PBXContainerItemProxy;
			containerPortal = A1CFAD6F651F4C94A6432F5B /* Project object */;
			proxyType = 1;
			remoteGlobalIDString = FF87E3F17FB0489899361777;
			remoteInfo = wxLua_app;
		};
		C7B1325A24FA4C5AAC9D76D1 /* PBXContainerItemProxy */ = {
			isa = PBXContainerItemProxy;
			containerPortal = A1CFAD6F651F4C94A6432F5B /* Project object */;
			proxyType = 1;
			remoteGlobalIDString = 914DEC787B974231AF0D1A08;
			remoteInfo = ZERO_CHECK;
		};
/* End PBXContainerItemProxy section */

/* Begin PBXFileReference section */
		26972C6F372F46F18DB77C7A /* /Users/apple/MyProject/ntools/modules/wxlua/wxLua/apps/wxlua/wxlua.rc */ = {isa = PBXFileReference; explicitFileType = sourcecode; fileEncoding = 4; name = wxlua.rc; path = wxlua.rc; sourceTree = SOURCE_ROOT; };
		398E758FACA34D60AF3C1BDC /* /Users/apple/MyProject/ntools/modules/wxlua/wxLua/art/wxlualogo.icns */ = {isa = PBXFileReference; explicitFileType = sourcecode; fileEncoding = 4; name = wxlualogo.icns; path = ../../art/wxlualogo.icns; sourceTree = SOURCE_ROOT; };
		5F7808B1F6CB4B53A38671A1 /* /Users/apple/MyProject/ntools/modules/wxlua/wxLua/apps/wxlua/wxlua.cpp */ = {isa = PBXFileReference; explicitFileType = sourcecode.cpp.cpp; fileEncoding = 4; name = wxlua.cpp; path = wxlua.cpp; sourceTree = SOURCE_ROOT; };
		84B3DE36617F4F009115CA99 /* /Users/apple/MyProject/ntools/modules/wxlua/wxLua/apps/wxlua/editor.h */ = {isa = PBXFileReference; explicitFileType = sourcecode.c.h; fileEncoding = 4; name = editor.h; path = editor.h; sourceTree = SOURCE_ROOT; };
		BF34DB68B50F46AA84E82246 /* /Users/apple/MyProject/ntools/modules/wxlua/wxLua/wxLua-build/apps/wxlua/CMakeFiles/wxLua_app.dir/Info.plist */ = {isa = PBXFileReference; explicitFileType = sourcecode.text.plist; fileEncoding = 4; name = Info.plist; path = "../../wxLua-build/apps/wxlua/CMakeFiles/wxLua_app.dir/Info.plist"; sourceTree = SOURCE_ROOT; };
		CE78BF781AB14D77801B47DB /* /Users/apple/MyProject/ntools/modules/wxlua/wxLua/apps/wxlua/CMakeLists.txt */ = {isa = PBXFileReference; explicitFileType = sourcecode.text; fileEncoding = 4; name = CMakeLists.txt; path = CMakeLists.txt; sourceTree = SOURCE_ROOT; };
		CF9112EDEC7A4E738E3EBFF6 /* /Users/apple/MyProject/ntools/modules/wxlua/wxLua/apps/wxlua/wxlua.h */ = {isa = PBXFileReference; explicitFileType = sourcecode.c.h; fileEncoding = 4; name = wxlua.h; path = wxlua.h; sourceTree = SOURCE_ROOT; };
		E191756497EC472E8FB32B48 /* wxLua_app */ = {isa = PBXFileReference; explicitFileType = "compiled.mach-o.executable"; path = wxLua; sourceTree = BUILT_PRODUCTS_DIR; };
		EED2B3A186964B86BBDE6AC9 /* /Users/apple/MyProject/ntools/modules/wxlua/wxLua/apps/wxlua/CMakeLists.txt */ = {isa = PBXFileReference; explicitFileType = sourcecode.text; fileEncoding = 4; name = CMakeLists.txt; path = CMakeLists.txt; sourceTree = SOURCE_ROOT; };
/* End PBXFileReference section */

/* Begin PBXGroup section */
		2F56FA35C7954F05B07F8C51 /* apps */ = {
			isa = PBXGroup;
			children = (
				8928982D54274B1DA45F35FF /* wxLua_app */,
			);
			name = apps;
			sourceTree = "<group>";
		};
		3E681B3708874C6DB8EBE485 /* Source Files */ = {
			isa = PBXGroup;
			children = (
				5F7808B1F6CB4B53A38671A1 /* /Users/apple/MyProject/ntools/modules/wxlua/wxLua/apps/wxlua/wxlua.cpp */,
				26972C6F372F46F18DB77C7A /* /Users/apple/MyProject/ntools/modules/wxlua/wxLua/apps/wxlua/wxlua.rc */,
			);
			name = "Source Files";
			sourceTree = "<group>";
		};
		526CE928223A4564B9DE4690 /* Products */ = {
			isa = PBXGroup;
			children = (
				E191756497EC472E8FB32B48 /* wxLua_app */,
			);
			name = Products;
			sourceTree = "<group>";
		};
		82A078EA42BD40C1A3D04BF8 /* CMake Rules */ = {
			isa = PBXGroup;
			children = (
			);
			name = "CMake Rules";
			sourceTree = "<group>";
		};
		8928982D54274B1DA45F35FF /* wxLua_app */ = {
			isa = PBXGroup;
			children = (
				DEEC8D78EB5C4538BBD4CF65 /* Header Files */,
				3E681B3708874C6DB8EBE485 /* Source Files */,
				C6714EA609F8492ABF1754F9 /* Resources */,
				CE78BF781AB14D77801B47DB /* /Users/apple/MyProject/ntools/modules/wxlua/wxLua/apps/wxlua/CMakeLists.txt */,
				398E758FACA34D60AF3C1BDC /* /Users/apple/MyProject/ntools/modules/wxlua/wxLua/art/wxlualogo.icns */,
			);
			name = wxLua_app;
			sourceTree = "<group>";
		};
		8D20D7C980B049219B08C9C7 /* wxLua */ = {
			isa = PBXGroup;
			children = (
				2F56FA35C7954F05B07F8C51 /* apps */,
			);
			name = wxLua;
			sourceTree = "<group>";
		};
		9AF752AB5010422FBC2FAEC3 /* ALL_BUILD */ = {
			isa = PBXGroup;
			children = (
				82A078EA42BD40C1A3D04BF8 /* CMake Rules */,
				EED2B3A186964B86BBDE6AC9 /* /Users/apple/MyProject/ntools/modules/wxlua/wxLua/apps/wxlua/CMakeLists.txt */,
			);
			name = ALL_BUILD;
			sourceTree = "<group>";
		};
		C6714EA609F8492ABF1754F9 /* Resources */ = {
			isa = PBXGroup;
			children = (
				BF34DB68B50F46AA84E82246 /* /Users/apple/MyProject/ntools/modules/wxlua/wxLua/wxLua-build/apps/wxlua/CMakeFiles/wxLua_app.dir/Info.plist */,
			);
			name = Resources;
			sourceTree = "<group>";
		};
		D1CB6EB21FA94BEEA9F76E5E = {
			isa = PBXGroup;
			children = (
				8D20D7C980B049219B08C9C7 /* wxLua */,
				9AF752AB5010422FBC2FAEC3 /* ALL_BUILD */,
				526CE928223A4564B9DE4690 /* Products */,
			);
			sourceTree = "<group>";
		};
		DEEC8D78EB5C4538BBD4CF65 /* Header Files */ = {
			isa = PBXGroup;
			children = (
				84B3DE36617F4F009115CA99 /* /Users/apple/MyProject/ntools/modules/wxlua/wxLua/apps/wxlua/editor.h */,
				CF9112EDEC7A4E738E3EBFF6 /* /Users/apple/MyProject/ntools/modules/wxlua/wxLua/apps/wxlua/wxlua.h */,
			);
			name = "Header Files";
			sourceTree = "<group>";
		};
/* End PBXGroup section */

/* Begin PBXNativeTarget section */
		FF87E3F17FB0489899361777 /* wxLua_app */ = {
			isa = PBXNativeTarget;
			buildConfigurationList = 165785F58DC64AECA54A44B9 /* Build configuration list for PBXNativeTarget "wxLua_app" */;
			buildPhases = (
				088BC88F0E6F4B5290A5FF6E /* Resources */,
				CB3CF03BAB744F638D67944B /* Sources */,
			);
			buildRules = (
			);
			dependencies = (
				7310378151494A838BE9E557 /* PBXTargetDependency */,
			);
			name = wxLua_app;
			productName = wxLua_app;
			productReference = E191756497EC472E8FB32B48 /* wxLua_app */;
			productType = "com.apple.product-type.application";
		};
/* End PBXNativeTarget section */

/* Begin PBXProject section */
		A1CFAD6F651F4C94A6432F5B /* Project object */ = {
			isa = PBXProject;
			attributes = {
				BuildIndependentTargetsInParallel = YES;
				LastUpgradeCheck = 1030;
			};
			buildConfigurationList = E1528520E99B430A8EF74129 /* Build configuration list for PBXProject "wxLua_Apps_wxLua" */;
			buildSettings = {
			};
			buildStyles = (
				3F2E576C3C7841CA8F8F9B44 /* Debug */,
				6D77042601BE4EB09E76CC19 /* Release */,
				E6A4C510B83C4B738568F313 /* MinSizeRel */,
				278288C8665047419FAEF20C /* RelWithDebInfo */,
			);
			compatibilityVersion = "Xcode 3.2";
			hasScannedForEncodings = 0;
			mainGroup = D1CB6EB21FA94BEEA9F76E5E;
			projectDirPath = ../../../apps/wxlua;
			projectRoot = "";
			targets = (
				7623C63FDED74328B4F5B4A5 /* ALL_BUILD */,
				914DEC787B974231AF0D1A08 /* ZERO_CHECK */,
				69B0537E7103469AA3993026 /* install */,
				D6F708C5B8524389802DA500 /* package */,
				FF87E3F17FB0489899361777 /* wxLua_app */,
			);
		};
/* End PBXProject section */

/* Begin PBXShellScriptBuildPhase section */
		061E233801E540AFB1BDFCCF /* CMake Rules */ = {
			isa = PBXShellScriptBuildPhase;
			buildActionMask = 2147483647;
			files = (
			);
			name = "CMake Rules";
			runOnlyForDeploymentPostprocessing = 0;
			shellPath = /bin/sh;
			shellScript = "make -C /Users/apple/MyProject/ntools/modules/wxlua/wxLua/wxLua-build/apps/wxlua -f /Users/apple/MyProject/ntools/modules/wxlua/wxLua/wxLua-build/apps/wxlua/CMakeScripts/ALL_BUILD_cmakeRulesBuildPhase.make$CONFIGURATION OBJDIR=$(basename \"$OBJECT_FILE_DIR_normal\") all";
			showEnvVarsInLog = 0;
		};
		580DA623135A406D8F2E0312 = {
			isa = PBXShellScriptBuildPhase;
			buildActionMask = 2147483647;
			files = (
			);
			inputPaths = (
			);
			outputPaths = (
			);
			runOnlyForDeploymentPostprocessing = 0;
			shellPath = /bin/sh;
			shellScript = "# shell script goes here
exit 0";
			showEnvVarsInLog = 0;
		};
		7E4BC2A9A7194A79B5334B53 /* CMake PostBuild Rules */ = {
			isa = PBXShellScriptBuildPhase;
			buildActionMask = 2147483647;
			files = (
			);
			name = "CMake PostBuild Rules";
			runOnlyForDeploymentPostprocessing = 0;
			shellPath = /bin/sh;
			shellScript = "make -C /Users/apple/MyProject/ntools/modules/wxlua/wxLua/wxLua-build/apps/wxlua -f /Users/apple/MyProject/ntools/modules/wxlua/wxLua/wxLua-build/apps/wxlua/CMakeScripts/install_postBuildPhase.make$CONFIGURATION OBJDIR=$(basename \"$OBJECT_FILE_DIR_normal\") all";
			showEnvVarsInLog = 0;
		};
		9947EAEEBBA147B2BF269127 = {
			isa = PBXShellScriptBuildPhase;
			buildActionMask = 2147483647;
			files = (
			);
			inputPaths = (
			);
			outputPaths = (
			);
			runOnlyForDeploymentPostprocessing = 0;
			shellPath = /bin/sh;
			shellScript = "# shell script goes here
exit 0";
			showEnvVarsInLog = 0;
		};
		A4FE20F21E264FF2804E23FB = {
			isa = PBXShellScriptBuildPhase;
			buildActionMask = 2147483647;
			files = (
			);
			inputPaths = (
			);
			outputPaths = (
			);
			runOnlyForDeploymentPostprocessing = 0;
			shellPath = /bin/sh;
			shellScript = "# shell script goes here
exit 0";
			showEnvVarsInLog = 0;
		};
		B8FD9609B67B48D4909EC740 /* CMake PostBuild Rules */ = {
			isa = PBXShellScriptBuildPhase;
			buildActionMask = 2147483647;
			files = (
			);
			name = "CMake PostBuild Rules";
			runOnlyForDeploymentPostprocessing = 0;
			shellPath = /bin/sh;
			shellScript = "make -C /Users/apple/MyProject/ntools/modules/wxlua/wxLua/wxLua-build/apps/wxlua -f /Users/apple/MyProject/ntools/modules/wxlua/wxLua/wxLua-build/apps/wxlua/CMakeScripts/package_postBuildPhase.make$CONFIGURATION OBJDIR=$(basename \"$OBJECT_FILE_DIR_normal\") all";
			showEnvVarsInLog = 0;
		};
		DC3350A3578E41D186ED3221 = {
			isa = PBXShellScriptBuildPhase;
			buildActionMask = 2147483647;
			files = (
			);
			inputPaths = (
			);
			outputPaths = (
			);
			runOnlyForDeploymentPostprocessing = 0;
			shellPath = /bin/sh;
			shellScript = "# shell script goes here
exit 0";
			showEnvVarsInLog = 0;
		};
		E17A9E2D281946FBB92DFAB3 /* CMake Rules */ = {
			isa = PBXShellScriptBuildPhase;
			buildActionMask = 2147483647;
			files = (
			);
			name = "CMake Rules";
			runOnlyForDeploymentPostprocessing = 0;
			shellPath = /bin/sh;
			shellScript = "make -C /Users/apple/MyProject/ntools/modules/wxlua/wxLua/wxLua-build/apps/wxlua -f /Users/apple/MyProject/ntools/modules/wxlua/wxLua/wxLua-build/apps/wxlua/CMakeScripts/ZERO_CHECK_cmakeRulesBuildPhase.make$CONFIGURATION OBJDIR=$(basename \"$OBJECT_FILE_DIR_normal\") all";
			showEnvVarsInLog = 0;
		};
/* End PBXShellScriptBuildPhase section */

/* Begin PBXResourcesBuildPhase section */
		088BC88F0E6F4B5290A5FF6E /* Resources */ = {
			isa = PBXResourcesBuildPhase;
			buildActionMask = 2147483647;
			files = (
				2787D72E25E046D7B59FA327 /* /Users/apple/MyProject/ntools/modules/wxlua/wxLua/art/wxlualogo.icns */,
			);
			runOnlyForDeploymentPostprocessing = 0;
		};
/* End PBXResourcesBuildPhase section */

/* Begin PBXSourcesBuildPhase section */
		CB3CF03BAB744F638D67944B /* Sources */ = {
			isa = PBXSourcesBuildPhase;
			buildActionMask = 2147483647;
			files = (
				FBFC61AFA3E44C228EBF36CF /* /Users/apple/MyProject/ntools/modules/wxlua/wxLua/apps/wxlua/wxlua.cpp */,
			);
			runOnlyForDeploymentPostprocessing = 0;
		};
/* End PBXSourcesBuildPhase section */

/* Begin PBXTargetDependency section */
		40EB135AC7C1424FB372FBF9 /* PBXTargetDependency */ = {
			isa = PBXTargetDependency;
			target = 7623C63FDED74328B4F5B4A5 /* ALL_BUILD */;
			targetProxy = 74545CA9B979412A9DE905E7 /* PBXContainerItemProxy */;
		};
		7310378151494A838BE9E557 /* PBXTargetDependency */ = {
			isa = PBXTargetDependency;
			target = 914DEC787B974231AF0D1A08 /* ZERO_CHECK */;
			targetProxy = 81FDD493D6F24CA491FDB95D /* PBXContainerItemProxy */;
		};
		89529DE510214C5AABE54598 /* PBXTargetDependency */ = {
			isa = PBXTargetDependency;
			target = 914DEC787B974231AF0D1A08 /* ZERO_CHECK */;
			targetProxy = C7B1325A24FA4C5AAC9D76D1 /* PBXContainerItemProxy */;
		};
		DD93B4F791164E0B87D8ECA9 /* PBXTargetDependency */ = {
			isa = PBXTargetDependency;
			target = FF87E3F17FB0489899361777 /* wxLua_app */;
			targetProxy = 9C4BD500E9B147679B3A25EF /* PBXContainerItemProxy */;
		};
/* End PBXTargetDependency section */

/* Begin XCBuildConfiguration section */
		079F5760CE904DED8BDB5AF6 /* Release */ = {
			isa = XCBuildConfiguration;
			buildSettings = {
				COMBINE_HIDPI_IMAGES = YES;
				GCC_GENERATE_DEBUGGING_SYMBOLS = YES;
				GCC_INLINES_ARE_PRIVATE_EXTERN = NO;
				GCC_OPTIMIZATION_LEVEL = 0;
				GCC_PREPROCESSOR_DEFINITIONS = ("'CMAKE_INTDIR=\"$(CONFIGURATION)$(EFFECTIVE_PLATFORM_NAME)\"'");
				GCC_SYMBOLS_PRIVATE_EXTERN = NO;
				INSTALL_PATH = "";
				OTHER_LDFLAGS = " ";
				OTHER_REZFLAGS = "";
				PRODUCT_NAME = install;
				SECTORDER_FLAGS = "";
				SYMROOT = "/Users/apple/MyProject/ntools/modules/wxlua/wxLua/wxLua-build/apps/wxlua";
				USE_HEADERMAP = NO;
				WARNING_CFLAGS = ("-Wmost","-Wno-four-char-constants","-Wno-unknown-pragmas","$(inherited)");
			};
			name = Release;
		};
		08C261865EEA4DBF81811BEA /* MinSizeRel */ = {
			isa = XCBuildConfiguration;
			buildSettings = {
				COMBINE_HIDPI_IMAGES = YES;
				GCC_GENERATE_DEBUGGING_SYMBOLS = YES;
				GCC_INLINES_ARE_PRIVATE_EXTERN = NO;
				GCC_OPTIMIZATION_LEVEL = 0;
				GCC_PREPROCESSOR_DEFINITIONS = ("'CMAKE_INTDIR=\"$(CONFIGURATION)$(EFFECTIVE_PLATFORM_NAME)\"'");
				GCC_SYMBOLS_PRIVATE_EXTERN = NO;
				INSTALL_PATH = "";
				OTHER_LDFLAGS = " ";
				OTHER_REZFLAGS = "";
				PRODUCT_NAME = package;
				SECTORDER_FLAGS = "";
				SYMROOT = "/Users/apple/MyProject/ntools/modules/wxlua/wxLua/wxLua-build/apps/wxlua";
				USE_HEADERMAP = NO;
				WARNING_CFLAGS = ("-Wmost","-Wno-four-char-constants","-Wno-unknown-pragmas","$(inherited)");
			};
			name = MinSizeRel;
		};
		35718006BBAA46E6B0D53260 /* MinSizeRel */ = {
			isa = XCBuildConfiguration;
			buildSettings = {
				COMBINE_HIDPI_IMAGES = YES;
				GCC_GENERATE_DEBUGGING_SYMBOLS = YES;
				GCC_INLINES_ARE_PRIVATE_EXTERN = NO;
				GCC_OPTIMIZATION_LEVEL = 0;
				GCC_PREPROCESSOR_DEFINITIONS = ("'CMAKE_INTDIR=\"$(CONFIGURATION)$(EFFECTIVE_PLATFORM_NAME)\"'");
				GCC_SYMBOLS_PRIVATE_EXTERN = NO;
				INSTALL_PATH = "";
				OTHER_LDFLAGS = " ";
				OTHER_REZFLAGS = "";
				PRODUCT_NAME = ALL_BUILD;
				SECTORDER_FLAGS = "";
				SYMROOT = "/Users/apple/MyProject/ntools/modules/wxlua/wxLua/wxLua-build/apps/wxlua";
				USE_HEADERMAP = NO;
				WARNING_CFLAGS = ("-Wmost","-Wno-four-char-constants","-Wno-unknown-pragmas","$(inherited)");
			};
			name = MinSizeRel;
		};
		364B46F233564093BECE74EC /* RelWithDebInfo */ = {
			isa = XCBuildConfiguration;
			buildSettings = {
				COMBINE_HIDPI_IMAGES = YES;
				GCC_GENERATE_DEBUGGING_SYMBOLS = YES;
				GCC_INLINES_ARE_PRIVATE_EXTERN = NO;
				GCC_OPTIMIZATION_LEVEL = 0;
				GCC_PREPROCESSOR_DEFINITIONS = ("'CMAKE_INTDIR=\"$(CONFIGURATION)$(EFFECTIVE_PLATFORM_NAME)\"'");
				GCC_SYMBOLS_PRIVATE_EXTERN = NO;
				INSTALL_PATH = "";
				OTHER_LDFLAGS = " ";
				OTHER_REZFLAGS = "";
				PRODUCT_NAME = ZERO_CHECK;
				SECTORDER_FLAGS = "";
				SYMROOT = "/Users/apple/MyProject/ntools/modules/wxlua/wxLua/wxLua-build/apps/wxlua";
				USE_HEADERMAP = NO;
				WARNING_CFLAGS = ("-Wmost","-Wno-four-char-constants","-Wno-unknown-pragmas","$(inherited)");
			};
			name = RelWithDebInfo;
		};
		4FF6808424824C1E93E598C9 /* RelWithDebInfo */ = {
			isa = XCBuildConfiguration;
			buildSettings = {
				COMBINE_HIDPI_IMAGES = YES;
				GCC_GENERATE_DEBUGGING_SYMBOLS = YES;
				GCC_INLINES_ARE_PRIVATE_EXTERN = NO;
				GCC_OPTIMIZATION_LEVEL = 0;
				GCC_PREPROCESSOR_DEFINITIONS = ("'CMAKE_INTDIR=\"$(CONFIGURATION)$(EFFECTIVE_PLATFORM_NAME)\"'");
				GCC_SYMBOLS_PRIVATE_EXTERN = NO;
				INSTALL_PATH = "";
				OTHER_LDFLAGS = " ";
				OTHER_REZFLAGS = "";
				PRODUCT_NAME = ALL_BUILD;
				SECTORDER_FLAGS = "";
				SYMROOT = "/Users/apple/MyProject/ntools/modules/wxlua/wxLua/wxLua-build/apps/wxlua";
				USE_HEADERMAP = NO;
				WARNING_CFLAGS = ("-Wmost","-Wno-four-char-constants","-Wno-unknown-pragmas","$(inherited)");
			};
			name = RelWithDebInfo;
		};
		6B425A29A03B4052817D5C35 /* MinSizeRel */ = {
			isa = XCBuildConfiguration;
			buildSettings = {
				COMBINE_HIDPI_IMAGES = YES;
				GCC_GENERATE_DEBUGGING_SYMBOLS = YES;
				GCC_INLINES_ARE_PRIVATE_EXTERN = NO;
				GCC_OPTIMIZATION_LEVEL = 0;
				GCC_PREPROCESSOR_DEFINITIONS = ("'CMAKE_INTDIR=\"$(CONFIGURATION)$(EFFECTIVE_PLATFORM_NAME)\"'");
				GCC_SYMBOLS_PRIVATE_EXTERN = NO;
				INSTALL_PATH = "";
				OTHER_LDFLAGS = " ";
				OTHER_REZFLAGS = "";
				PRODUCT_NAME = install;
				SECTORDER_FLAGS = "";
				SYMROOT = "/Users/apple/MyProject/ntools/modules/wxlua/wxLua/wxLua-build/apps/wxlua";
				USE_HEADERMAP = NO;
				WARNING_CFLAGS = ("-Wmost","-Wno-four-char-constants","-Wno-unknown-pragmas","$(inherited)");
			};
			name = MinSizeRel;
		};
		747F270FED7A431FB977B9BB /* RelWithDebInfo */ = {
			isa = XCBuildConfiguration;
			buildSettings = {
				ONLY_ACTIVE_ARCH = YES;
				SDKROOT = /Applications/Xcode.app/Contents/Developer/Platforms/MacOSX.platform/Developer/SDKs/MacOSX10.14.sdk;
				SYMROOT = "/Users/apple/MyProject/ntools/modules/wxlua/wxLua/wxLua-build/apps/wxlua/build";
			};
			name = RelWithDebInfo;
		};
		7672B4ED03A4478E871EAF69 /* Release */ = {
			isa = XCBuildConfiguration;
			buildSettings = {
				COMBINE_HIDPI_IMAGES = YES;
				GCC_GENERATE_DEBUGGING_SYMBOLS = YES;
				GCC_INLINES_ARE_PRIVATE_EXTERN = NO;
				GCC_OPTIMIZATION_LEVEL = 0;
				GCC_PREPROCESSOR_DEFINITIONS = ("'CMAKE_INTDIR=\"$(CONFIGURATION)$(EFFECTIVE_PLATFORM_NAME)\"'");
				GCC_SYMBOLS_PRIVATE_EXTERN = NO;
				INSTALL_PATH = "";
				OTHER_LDFLAGS = " ";
				OTHER_REZFLAGS = "";
				PRODUCT_NAME = ZERO_CHECK;
				SECTORDER_FLAGS = "";
				SYMROOT = "/Users/apple/MyProject/ntools/modules/wxlua/wxLua/wxLua-build/apps/wxlua";
				USE_HEADERMAP = NO;
				WARNING_CFLAGS = ("-Wmost","-Wno-four-char-constants","-Wno-unknown-pragmas","$(inherited)");
			};
			name = Release;
		};
		9372FEC87F47427C930E0082 /* Release */ = {
			isa = XCBuildConfiguration;
			buildSettings = {
				COMBINE_HIDPI_IMAGES = YES;
				GCC_GENERATE_DEBUGGING_SYMBOLS = YES;
				GCC_INLINES_ARE_PRIVATE_EXTERN = NO;
				GCC_OPTIMIZATION_LEVEL = 0;
				GCC_PREPROCESSOR_DEFINITIONS = ("'CMAKE_INTDIR=\"$(CONFIGURATION)$(EFFECTIVE_PLATFORM_NAME)\"'");
				GCC_SYMBOLS_PRIVATE_EXTERN = NO;
				INSTALL_PATH = "";
				OTHER_LDFLAGS = " ";
				OTHER_REZFLAGS = "";
				PRODUCT_NAME = ALL_BUILD;
				SECTORDER_FLAGS = "";
				SYMROOT = "/Users/apple/MyProject/ntools/modules/wxlua/wxLua/wxLua-build/apps/wxlua";
				USE_HEADERMAP = NO;
				WARNING_CFLAGS = ("-Wmost","-Wno-four-char-constants","-Wno-unknown-pragmas","$(inherited)");
			};
			name = Release;
		};
		9644C87AE90A45BD9417D29E /* Debug */ = {
			isa = XCBuildConfiguration;
			buildSettings = {
				COMBINE_HIDPI_IMAGES = YES;
				CONFIGURATION_BUILD_DIR = "/Users/apple/MyProject/ntools/modules/wxlua/wxLua/wxLua-build/bin/Debug/Debug";
				EXECUTABLE_PREFIX = "";
				EXECUTABLE_SUFFIX = "";
				GCC_GENERATE_DEBUGGING_SYMBOLS = YES;
				GCC_INLINES_ARE_PRIVATE_EXTERN = NO;
				GCC_OPTIMIZATION_LEVEL = 0;
				GCC_PREPROCESSOR_DEFINITIONS = ("'CMAKE_INTDIR=\"$(CONFIGURATION)$(EFFECTIVE_PLATFORM_NAME)\"'","'_FILE_OFFSET_BITS=64'",__WXMAC__,__WXOSX__,__WXOSX_COCOA__,"'wxLUA_USEBINDING_WXWEBVIEW=0'","'wxLUA_USEBINDING_WXGL=1'","'wxLUA_USEBINDING_WXSTC=1'","'wxLUA_USEBINDING_WXXRC=1'","'wxLUA_USEBINDING_WXRICHTEXT=1'","'wxLUA_USEBINDING_WXPROPGRID=0'","'wxLUA_USEBINDING_WXHTML=1'","'wxLUA_USEBINDING_WXMEDIA=1'","'wxLUA_USEBINDING_WXAUI=1'","'wxLUA_USEBINDING_WXADV=1'","'wxLUA_USEBINDING_WXCORE=1'","'wxLUA_USEBINDING_WXXML=1'","'wxLUA_USEBINDING_WXNET=1'","'wxLUA_USEBINDING_WXBASE=1'");
				GCC_SYMBOLS_PRIVATE_EXTERN = NO;
				HEADER_SEARCH_PATHS = ("/Users/apple/MyProject/ntools/modules/wxWidgets/build-cocoa-debug/lib/wx/include/osx_cocoa-unicode-3.1",/Users/apple/MyProject/ntools/modules/wxWidgets/include,/Users/apple/MyProject/ntools/modules/wxlua/wxLua/modules/wxbind/setup,/Users/apple/MyProject/ntools/modules/wxlua/wxLua,/Users/apple/MyProject/ntools/modules/wxlua/wxLua/modules,"/Users/apple/MyProject/ntools/modules/wxlua/wxLua/modules/lua-5.1/src");
				INFOPLIST_FILE = "/Users/apple/MyProject/ntools/modules/wxlua/wxLua/wxLua-build/apps/wxlua/CMakeFiles/wxLua_app.dir/Info.plist";
				INSTALL_PATH = "";
				LD_RUNPATH_SEARCH_PATHS = "/Users/apple/MyProject/ntools/modules/wxWidgets/build-cocoa-debug/lib /Users/apple/MyProject/ntools/modules/wxlua/wxLua/wxLua-build/lib/Debug/Debug";
				LIBRARY_SEARCH_PATHS = " /Users/apple/MyProject/ntools/modules/wxWidgets/build-cocoa-debug/lib/$(CONFIGURATION)$(EFFECTIVE_PLATFORM_NAME) /Users/apple/MyProject/ntools/modules/wxWidgets/build-cocoa-debug/lib";
				OTHER_CPLUSPLUSFLAGS = " -I/Users/apple/MyProject/ntools/modules/wxWidgets/include     ";
				OTHER_LDFLAGS = " -Wl,-search_paths_first -Wl,-headerpad_max_install_names  /Users/apple/MyProject/ntools/modules/wxlua/wxLua/wxLua-build/lib/Debug/Debug/libwxlua_debugger-wx31osx_cocoaud-2.8.12.3.dylib /Users/apple/MyProject/ntools/modules/wxlua/wxLua/wxLua-build/lib/Debug/Debug/libwxlua_debug-wx31osx_cocoaud-2.8.12.3.dylib -L/Users/apple/MyProject/ntools/modules/wxWidgets/build-cocoa-debug/lib -framework IOKit -framework Carbon -framework Cocoa -framework AudioToolbox -framework System -framework OpenGL -lwx_osx_cocoau_stc-3.1 -lwx_osx_cocoau_gl-3.1 -lwx_osx_cocoau_xrc-3.1 -lwx_baseu_xml-3.1 -lwx_baseu_net-3.1 -lwx_osx_cocoau_media-3.1 -lwx_osx_cocoau_richtext-3.1 -lwx_osx_cocoau_aui-3.1 -lwx_osx_cocoau_html-3.1 -lwx_osx_cocoau_core-3.1 -lwx_baseu-3.1 /Users/apple/MyProject/ntools/modules/wxlua/wxLua/wxLua-build/lib/Debug/Debug/libwxlua_bind-wx31osx_cocoaud-2.8.12.3.dylib /Users/apple/MyProject/ntools/modules/wxlua/wxLua/wxLua-build/lib/Debug/Debug/libwxlua-wx31osx_cocoaud-2.8.12.3.dylib /Users/apple/MyProject/ntools/modules/wxlua/wxLua/wxLua-build/lib/Debug/Debug/libwxlua_lua51-wx31osx_cocoaud-2.8.12.3.dylib -lm -lreadline -L/Users/apple/MyProject/ntools/modules/wxWidgets/build-cocoa-debug/lib -framework IOKit -framework Carbon -framework Cocoa -framework AudioToolbox -framework System -framework OpenGL -lwx_osx_cocoau_stc-3.1 -lwx_osx_cocoau_gl-3.1 -lwx_osx_cocoau_xrc-3.1 -lwx_baseu_xml-3.1 -lwx_baseu_net-3.1 -lwx_osx_cocoau_media-3.1 -lwx_osx_cocoau_richtext-3.1 -lwx_osx_cocoau_aui-3.1 -lwx_osx_cocoau_html-3.1 -lwx_osx_cocoau_core-3.1 -lwx_baseu-3.1";
				OTHER_REZFLAGS = "";
				PRODUCT_NAME = wxLua;
				SECTORDER_FLAGS = "";
				SYMROOT = "/Users/apple/MyProject/ntools/modules/wxlua/wxLua/wxLua-build/apps/wxlua";
				USE_HEADERMAP = NO;
				WARNING_CFLAGS = ("-Wmost","-Wno-four-char-constants","-Wno-unknown-pragmas","$(inherited)");
			};
			name = Debug;
		};
		972139EF17DD44FFBBEC3A88 /* RelWithDebInfo */ = {
			isa = XCBuildConfiguration;
			buildSettings = {
				COMBINE_HIDPI_IMAGES = YES;
				GCC_GENERATE_DEBUGGING_SYMBOLS = YES;
				GCC_INLINES_ARE_PRIVATE_EXTERN = NO;
				GCC_OPTIMIZATION_LEVEL = 0;
				GCC_PREPROCESSOR_DEFINITIONS = ("'CMAKE_INTDIR=\"$(CONFIGURATION)$(EFFECTIVE_PLATFORM_NAME)\"'");
				GCC_SYMBOLS_PRIVATE_EXTERN = NO;
				INSTALL_PATH = "";
				OTHER_LDFLAGS = " ";
				OTHER_REZFLAGS = "";
				PRODUCT_NAME = package;
				SECTORDER_FLAGS = "";
				SYMROOT = "/Users/apple/MyProject/ntools/modules/wxlua/wxLua/wxLua-build/apps/wxlua";
				USE_HEADERMAP = NO;
				WARNING_CFLAGS = ("-Wmost","-Wno-four-char-constants","-Wno-unknown-pragmas","$(inherited)");
			};
			name = RelWithDebInfo;
		};
		A6BF7232744E44BEACF19E01 /* Debug */ = {
			isa = XCBuildConfiguration;
			buildSettings = {
				COMBINE_HIDPI_IMAGES = YES;
				GCC_GENERATE_DEBUGGING_SYMBOLS = YES;
				GCC_INLINES_ARE_PRIVATE_EXTERN = NO;
				GCC_OPTIMIZATION_LEVEL = 0;
				GCC_PREPROCESSOR_DEFINITIONS = ("'CMAKE_INTDIR=\"$(CONFIGURATION)$(EFFECTIVE_PLATFORM_NAME)\"'");
				GCC_SYMBOLS_PRIVATE_EXTERN = NO;
				INSTALL_PATH = "";
				OTHER_LDFLAGS = " ";
				OTHER_REZFLAGS = "";
				PRODUCT_NAME = install;
				SECTORDER_FLAGS = "";
				SYMROOT = "/Users/apple/MyProject/ntools/modules/wxlua/wxLua/wxLua-build/apps/wxlua";
				USE_HEADERMAP = NO;
				WARNING_CFLAGS = ("-Wmost","-Wno-four-char-constants","-Wno-unknown-pragmas","$(inherited)");
			};
			name = Debug;
		};
		B7F091F042904BA8A08AEBD7 /* RelWithDebInfo */ = {
			isa = XCBuildConfiguration;
			buildSettings = {
				COMBINE_HIDPI_IMAGES = YES;
				GCC_GENERATE_DEBUGGING_SYMBOLS = YES;
				GCC_INLINES_ARE_PRIVATE_EXTERN = NO;
				GCC_OPTIMIZATION_LEVEL = 0;
				GCC_PREPROCESSOR_DEFINITIONS = ("'CMAKE_INTDIR=\"$(CONFIGURATION)$(EFFECTIVE_PLATFORM_NAME)\"'");
				GCC_SYMBOLS_PRIVATE_EXTERN = NO;
				INSTALL_PATH = "";
				OTHER_LDFLAGS = " ";
				OTHER_REZFLAGS = "";
				PRODUCT_NAME = install;
				SECTORDER_FLAGS = "";
				SYMROOT = "/Users/apple/MyProject/ntools/modules/wxlua/wxLua/wxLua-build/apps/wxlua";
				USE_HEADERMAP = NO;
				WARNING_CFLAGS = ("-Wmost","-Wno-four-char-constants","-Wno-unknown-pragmas","$(inherited)");
			};
			name = RelWithDebInfo;
		};
		BA576EA6EDDE4C2687166964 /* Release */ = {
			isa = XCBuildConfiguration;
			buildSettings = {
				COMBINE_HIDPI_IMAGES = YES;
				GCC_GENERATE_DEBUGGING_SYMBOLS = YES;
				GCC_INLINES_ARE_PRIVATE_EXTERN = NO;
				GCC_OPTIMIZATION_LEVEL = 0;
				GCC_PREPROCESSOR_DEFINITIONS = ("'CMAKE_INTDIR=\"$(CONFIGURATION)$(EFFECTIVE_PLATFORM_NAME)\"'");
				GCC_SYMBOLS_PRIVATE_EXTERN = NO;
				INSTALL_PATH = "";
				OTHER_LDFLAGS = " ";
				OTHER_REZFLAGS = "";
				PRODUCT_NAME = package;
				SECTORDER_FLAGS = "";
				SYMROOT = "/Users/apple/MyProject/ntools/modules/wxlua/wxLua/wxLua-build/apps/wxlua";
				USE_HEADERMAP = NO;
				WARNING_CFLAGS = ("-Wmost","-Wno-four-char-constants","-Wno-unknown-pragmas","$(inherited)");
			};
			name = Release;
		};
		C02375E042E541218D50091A /* MinSizeRel */ = {
			isa = XCBuildConfiguration;
			buildSettings = {
				COMBINE_HIDPI_IMAGES = YES;
				CONFIGURATION_BUILD_DIR = "/Users/apple/MyProject/ntools/modules/wxlua/wxLua/wxLua-build/bin/Debug/MinSizeRel";
				EXECUTABLE_PREFIX = "";
				EXECUTABLE_SUFFIX = "";
				GCC_GENERATE_DEBUGGING_SYMBOLS = NO;
				GCC_INLINES_ARE_PRIVATE_EXTERN = NO;
				GCC_OPTIMIZATION_LEVEL = s;
				GCC_PREPROCESSOR_DEFINITIONS = ("'CMAKE_INTDIR=\"$(CONFIGURATION)$(EFFECTIVE_PLATFORM_NAME)\"'","'_FILE_OFFSET_BITS=64'",__WXMAC__,__WXOSX__,__WXOSX_COCOA__,"'wxLUA_USEBINDING_WXWEBVIEW=0'","'wxLUA_USEBINDING_WXGL=1'","'wxLUA_USEBINDING_WXSTC=1'","'wxLUA_USEBINDING_WXXRC=1'","'wxLUA_USEBINDING_WXRICHTEXT=1'","'wxLUA_USEBINDING_WXPROPGRID=0'","'wxLUA_USEBINDING_WXHTML=1'","'wxLUA_USEBINDING_WXMEDIA=1'","'wxLUA_USEBINDING_WXAUI=1'","'wxLUA_USEBINDING_WXADV=1'","'wxLUA_USEBINDING_WXCORE=1'","'wxLUA_USEBINDING_WXXML=1'","'wxLUA_USEBINDING_WXNET=1'","'wxLUA_USEBINDING_WXBASE=1'");
				GCC_SYMBOLS_PRIVATE_EXTERN = NO;
				HEADER_SEARCH_PATHS = ("/Users/apple/MyProject/ntools/modules/wxWidgets/build-cocoa-debug/lib/wx/include/osx_cocoa-unicode-3.1",/Users/apple/MyProject/ntools/modules/wxWidgets/include,/Users/apple/MyProject/ntools/modules/wxlua/wxLua/modules/wxbind/setup,/Users/apple/MyProject/ntools/modules/wxlua/wxLua,/Users/apple/MyProject/ntools/modules/wxlua/wxLua/modules,"/Users/apple/MyProject/ntools/modules/wxlua/wxLua/modules/lua-5.1/src");
				INFOPLIST_FILE = "/Users/apple/MyProject/ntools/modules/wxlua/wxLua/wxLua-build/apps/wxlua/CMakeFiles/wxLua_app.dir/Info.plist";
				INSTALL_PATH = "";
				LD_RUNPATH_SEARCH_PATHS = "/Users/apple/MyProject/ntools/modules/wxWidgets/build-cocoa-debug/lib /Users/apple/MyProject/ntools/modules/wxlua/wxLua/wxLua-build/lib/Debug/MinSizeRel";
				LIBRARY_SEARCH_PATHS = " /Users/apple/MyProject/ntools/modules/wxWidgets/build-cocoa-debug/lib/$(CONFIGURATION)$(EFFECTIVE_PLATFORM_NAME) /Users/apple/MyProject/ntools/modules/wxWidgets/build-cocoa-debug/lib";
				OTHER_CPLUSPLUSFLAGS = " -I/Users/apple/MyProject/ntools/modules/wxWidgets/include     -DNDEBUG  ";
				OTHER_LDFLAGS = " -Wl,-search_paths_first -Wl,-headerpad_max_install_names  /Users/apple/MyProject/ntools/modules/wxlua/wxLua/wxLua-build/lib/Debug/MinSizeRel/libwxlua_debugger-wx31osx_cocoau-2.8.12.3.dylib /Users/apple/MyProject/ntools/modules/wxlua/wxLua/wxLua-build/lib/Debug/MinSizeRel/libwxlua_debug-wx31osx_cocoau-2.8.12.3.dylib -L/Users/apple/MyProject/ntools/modules/wxWidgets/build-cocoa-debug/lib -framework IOKit -framework Carbon -framework Cocoa -framework AudioToolbox -framework System -framework OpenGL -lwx_osx_cocoau_stc-3.1 -lwx_osx_cocoau_gl-3.1 -lwx_osx_cocoau_xrc-3.1 -lwx_baseu_xml-3.1 -lwx_baseu_net-3.1 -lwx_osx_cocoau_media-3.1 -lwx_osx_cocoau_richtext-3.1 -lwx_osx_cocoau_aui-3.1 -lwx_osx_cocoau_html-3.1 -lwx_osx_cocoau_core-3.1 -lwx_baseu-3.1 /Users/apple/MyProject/ntools/modules/wxlua/wxLua/wxLua-build/lib/Debug/MinSizeRel/libwxlua_bind-wx31osx_cocoau-2.8.12.3.dylib /Users/apple/MyProject/ntools/modules/wxlua/wxLua/wxLua-build/lib/Debug/MinSizeRel/libwxlua-wx31osx_cocoau-2.8.12.3.dylib /Users/apple/MyProject/ntools/modules/wxlua/wxLua/wxLua-build/lib/Debug/MinSizeRel/libwxlua_lua51-wx31osx_cocoau-2.8.12.3.dylib -lm -lreadline -L/Users/apple/MyProject/ntools/modules/wxWidgets/build-cocoa-debug/lib -framework IOKit -framework Carbon -framework Cocoa -framework AudioToolbox -framework System -framework OpenGL -lwx_osx_cocoau_stc-3.1 -lwx_osx_cocoau_gl-3.1 -lwx_osx_cocoau_xrc-3.1 -lwx_baseu_xml-3.1 -lwx_baseu_net-3.1 -lwx_osx_cocoau_media-3.1 -lwx_osx_cocoau_richtext-3.1 -lwx_osx_cocoau_aui-3.1 -lwx_osx_cocoau_html-3.1 -lwx_osx_cocoau_core-3.1 -lwx_baseu-3.1";
				OTHER_REZFLAGS = "";
				PRODUCT_NAME = wxLua;
				SECTORDER_FLAGS = "";
				SYMROOT = "/Users/apple/MyProject/ntools/modules/wxlua/wxLua/wxLua-build/apps/wxlua";
				USE_HEADERMAP = NO;
				WARNING_CFLAGS = ("-Wmost","-Wno-four-char-constants","-Wno-unknown-pragmas","$(inherited)");
			};
			name = MinSizeRel;
		};
		E07A825EB642471C822FC11B /* Debug */ = {
			isa = XCBuildConfiguration;
			buildSettings = {
				COMBINE_HIDPI_IMAGES = YES;
				GCC_GENERATE_DEBUGGING_SYMBOLS = YES;
				GCC_INLINES_ARE_PRIVATE_EXTERN = NO;
				GCC_OPTIMIZATION_LEVEL = 0;
				GCC_PREPROCESSOR_DEFINITIONS = ("'CMAKE_INTDIR=\"$(CONFIGURATION)$(EFFECTIVE_PLATFORM_NAME)\"'");
				GCC_SYMBOLS_PRIVATE_EXTERN = NO;
				INSTALL_PATH = "";
				OTHER_LDFLAGS = " ";
				OTHER_REZFLAGS = "";
				PRODUCT_NAME = package;
				SECTORDER_FLAGS = "";
				SYMROOT = "/Users/apple/MyProject/ntools/modules/wxlua/wxLua/wxLua-build/apps/wxlua";
				USE_HEADERMAP = NO;
				WARNING_CFLAGS = ("-Wmost","-Wno-four-char-constants","-Wno-unknown-pragmas","$(inherited)");
			};
			name = Debug;
		};
		E3B041558F0E43CEB1E20100 /* RelWithDebInfo */ = {
			isa = XCBuildConfiguration;
			buildSettings = {
				COMBINE_HIDPI_IMAGES = YES;
				CONFIGURATION_BUILD_DIR = "/Users/apple/MyProject/ntools/modules/wxlua/wxLua/wxLua-build/bin/Debug/RelWithDebInfo";
				EXECUTABLE_PREFIX = "";
				EXECUTABLE_SUFFIX = "";
				GCC_GENERATE_DEBUGGING_SYMBOLS = YES;
				GCC_INLINES_ARE_PRIVATE_EXTERN = NO;
				GCC_OPTIMIZATION_LEVEL = 2;
				GCC_PREPROCESSOR_DEFINITIONS = ("'CMAKE_INTDIR=\"$(CONFIGURATION)$(EFFECTIVE_PLATFORM_NAME)\"'","'_FILE_OFFSET_BITS=64'",__WXMAC__,__WXOSX__,__WXOSX_COCOA__,"'wxLUA_USEBINDING_WXWEBVIEW=0'","'wxLUA_USEBINDING_WXGL=1'","'wxLUA_USEBINDING_WXSTC=1'","'wxLUA_USEBINDING_WXXRC=1'","'wxLUA_USEBINDING_WXRICHTEXT=1'","'wxLUA_USEBINDING_WXPROPGRID=0'","'wxLUA_USEBINDING_WXHTML=1'","'wxLUA_USEBINDING_WXMEDIA=1'","'wxLUA_USEBINDING_WXAUI=1'","'wxLUA_USEBINDING_WXADV=1'","'wxLUA_USEBINDING_WXCORE=1'","'wxLUA_USEBINDING_WXXML=1'","'wxLUA_USEBINDING_WXNET=1'","'wxLUA_USEBINDING_WXBASE=1'");
				GCC_SYMBOLS_PRIVATE_EXTERN = NO;
				HEADER_SEARCH_PATHS = ("/Users/apple/MyProject/ntools/modules/wxWidgets/build-cocoa-debug/lib/wx/include/osx_cocoa-unicode-3.1",/Users/apple/MyProject/ntools/modules/wxWidgets/include,/Users/apple/MyProject/ntools/modules/wxlua/wxLua/modules/wxbind/setup,/Users/apple/MyProject/ntools/modules/wxlua/wxLua,/Users/apple/MyProject/ntools/modules/wxlua/wxLua/modules,"/Users/apple/MyProject/ntools/modules/wxlua/wxLua/modules/lua-5.1/src");
				INFOPLIST_FILE = "/Users/apple/MyProject/ntools/modules/wxlua/wxLua/wxLua-build/apps/wxlua/CMakeFiles/wxLua_app.dir/Info.plist";
				INSTALL_PATH = "";
				LD_RUNPATH_SEARCH_PATHS = "/Users/apple/MyProject/ntools/modules/wxWidgets/build-cocoa-debug/lib /Users/apple/MyProject/ntools/modules/wxlua/wxLua/wxLua-build/lib/Debug/RelWithDebInfo";
				LIBRARY_SEARCH_PATHS = " /Users/apple/MyProject/ntools/modules/wxWidgets/build-cocoa-debug/lib/$(CONFIGURATION)$(EFFECTIVE_PLATFORM_NAME) /Users/apple/MyProject/ntools/modules/wxWidgets/build-cocoa-debug/lib";
				OTHER_CPLUSPLUSFLAGS = " -I/Users/apple/MyProject/ntools/modules/wxWidgets/include        -DNDEBUG  ";
				OTHER_LDFLAGS = " -Wl,-search_paths_first -Wl,-headerpad_max_install_names  /Users/apple/MyProject/ntools/modules/wxlua/wxLua/wxLua-build/lib/Debug/RelWithDebInfo/libwxlua_debugger-wx31osx_cocoau-2.8.12.3.dylib /Users/apple/MyProject/ntools/modules/wxlua/wxLua/wxLua-build/lib/Debug/RelWithDebInfo/libwxlua_debug-wx31osx_cocoau-2.8.12.3.dylib -L/Users/apple/MyProject/ntools/modules/wxWidgets/build-cocoa-debug/lib -framework IOKit -framework Carbon -framework Cocoa -framework AudioToolbox -framework System -framework OpenGL -lwx_osx_cocoau_stc-3.1 -lwx_osx_cocoau_gl-3.1 -lwx_osx_cocoau_xrc-3.1 -lwx_baseu_xml-3.1 -lwx_baseu_net-3.1 -lwx_osx_cocoau_media-3.1 -lwx_osx_cocoau_richtext-3.1 -lwx_osx_cocoau_aui-3.1 -lwx_osx_cocoau_html-3.1 -lwx_osx_cocoau_core-3.1 -lwx_baseu-3.1 /Users/apple/MyProject/ntools/modules/wxlua/wxLua/wxLua-build/lib/Debug/RelWithDebInfo/libwxlua_bind-wx31osx_cocoau-2.8.12.3.dylib /Users/apple/MyProject/ntools/modules/wxlua/wxLua/wxLua-build/lib/Debug/RelWithDebInfo/libwxlua-wx31osx_cocoau-2.8.12.3.dylib /Users/apple/MyProject/ntools/modules/wxlua/wxLua/wxLua-build/lib/Debug/RelWithDebInfo/libwxlua_lua51-wx31osx_cocoau-2.8.12.3.dylib -lm -lreadline -L/Users/apple/MyProject/ntools/modules/wxWidgets/build-cocoa-debug/lib -framework IOKit -framework Carbon -framework Cocoa -framework AudioToolbox -framework System -framework OpenGL -lwx_osx_cocoau_stc-3.1 -lwx_osx_cocoau_gl-3.1 -lwx_osx_cocoau_xrc-3.1 -lwx_baseu_xml-3.1 -lwx_baseu_net-3.1 -lwx_osx_cocoau_media-3.1 -lwx_osx_cocoau_richtext-3.1 -lwx_osx_cocoau_aui-3.1 -lwx_osx_cocoau_html-3.1 -lwx_osx_cocoau_core-3.1 -lwx_baseu-3.1";
				OTHER_REZFLAGS = "";
				PRODUCT_NAME = wxLua;
				SECTORDER_FLAGS = "";
				SYMROOT = "/Users/apple/MyProject/ntools/modules/wxlua/wxLua/wxLua-build/apps/wxlua";
				USE_HEADERMAP = NO;
				WARNING_CFLAGS = ("-Wmost","-Wno-four-char-constants","-Wno-unknown-pragmas","$(inherited)");
			};
			name = RelWithDebInfo;
		};
		E60F87C8C4884E97AC3F8E3B /* Release */ = {
			isa = XCBuildConfiguration;
			buildSettings = {
				ONLY_ACTIVE_ARCH = YES;
				SDKROOT = /Applications/Xcode.app/Contents/Developer/Platforms/MacOSX.platform/Developer/SDKs/MacOSX10.14.sdk;
				SYMROOT = "/Users/apple/MyProject/ntools/modules/wxlua/wxLua/wxLua-build/apps/wxlua/build";
			};
			name = Release;
		};
		EE014DC77E8A4F788FA935EB /* Debug */ = {
			isa = XCBuildConfiguration;
			buildSettings = {
				ONLY_ACTIVE_ARCH = YES;
				SDKROOT = /Applications/Xcode.app/Contents/Developer/Platforms/MacOSX.platform/Developer/SDKs/MacOSX10.14.sdk;
				SYMROOT = "/Users/apple/MyProject/ntools/modules/wxlua/wxLua/wxLua-build/apps/wxlua/build";
			};
			name = Debug;
		};
		F0AC787599C24A6F907BECF8 /* Release */ = {
			isa = XCBuildConfiguration;
			buildSettings = {
				COMBINE_HIDPI_IMAGES = YES;
				CONFIGURATION_BUILD_DIR = "/Users/apple/MyProject/ntools/modules/wxlua/wxLua/wxLua-build/bin/Debug/Release";
				EXECUTABLE_PREFIX = "";
				EXECUTABLE_SUFFIX = "";
				GCC_GENERATE_DEBUGGING_SYMBOLS = NO;
				GCC_INLINES_ARE_PRIVATE_EXTERN = NO;
				GCC_OPTIMIZATION_LEVEL = 3;
				GCC_PREPROCESSOR_DEFINITIONS = ("'CMAKE_INTDIR=\"$(CONFIGURATION)$(EFFECTIVE_PLATFORM_NAME)\"'","'_FILE_OFFSET_BITS=64'",__WXMAC__,__WXOSX__,__WXOSX_COCOA__,"'wxLUA_USEBINDING_WXWEBVIEW=0'","'wxLUA_USEBINDING_WXGL=1'","'wxLUA_USEBINDING_WXSTC=1'","'wxLUA_USEBINDING_WXXRC=1'","'wxLUA_USEBINDING_WXRICHTEXT=1'","'wxLUA_USEBINDING_WXPROPGRID=0'","'wxLUA_USEBINDING_WXHTML=1'","'wxLUA_USEBINDING_WXMEDIA=1'","'wxLUA_USEBINDING_WXAUI=1'","'wxLUA_USEBINDING_WXADV=1'","'wxLUA_USEBINDING_WXCORE=1'","'wxLUA_USEBINDING_WXXML=1'","'wxLUA_USEBINDING_WXNET=1'","'wxLUA_USEBINDING_WXBASE=1'");
				GCC_SYMBOLS_PRIVATE_EXTERN = NO;
				HEADER_SEARCH_PATHS = ("/Users/apple/MyProject/ntools/modules/wxWidgets/build-cocoa-debug/lib/wx/include/osx_cocoa-unicode-3.1",/Users/apple/MyProject/ntools/modules/wxWidgets/include,/Users/apple/MyProject/ntools/modules/wxlua/wxLua/modules/wxbind/setup,/Users/apple/MyProject/ntools/modules/wxlua/wxLua,/Users/apple/MyProject/ntools/modules/wxlua/wxLua/modules,"/Users/apple/MyProject/ntools/modules/wxlua/wxLua/modules/lua-5.1/src");
				INFOPLIST_FILE = "/Users/apple/MyProject/ntools/modules/wxlua/wxLua/wxLua-build/apps/wxlua/CMakeFiles/wxLua_app.dir/Info.plist";
				INSTALL_PATH = "";
				LD_RUNPATH_SEARCH_PATHS = "/Users/apple/MyProject/ntools/modules/wxWidgets/build-cocoa-debug/lib /Users/apple/MyProject/ntools/modules/wxlua/wxLua/wxLua-build/lib/Debug/Release";
				LIBRARY_SEARCH_PATHS = " /Users/apple/MyProject/ntools/modules/wxWidgets/build-cocoa-debug/lib/$(CONFIGURATION)$(EFFECTIVE_PLATFORM_NAME) /Users/apple/MyProject/ntools/modules/wxWidgets/build-cocoa-debug/lib";
				OTHER_CPLUSPLUSFLAGS = " -I/Users/apple/MyProject/ntools/modules/wxWidgets/include     -DNDEBUG  ";
				OTHER_LDFLAGS = " -Wl,-search_paths_first -Wl,-headerpad_max_install_names  /Users/apple/MyProject/ntools/modules/wxlua/wxLua/wxLua-build/lib/Debug/Release/libwxlua_debugger-wx31osx_cocoau-2.8.12.3.dylib /Users/apple/MyProject/ntools/modules/wxlua/wxLua/wxLua-build/lib/Debug/Release/libwxlua_debug-wx31osx_cocoau-2.8.12.3.dylib -L/Users/apple/MyProject/ntools/modules/wxWidgets/build-cocoa-debug/lib -framework IOKit -framework Carbon -framework Cocoa -framework AudioToolbox -framework System -framework OpenGL -lwx_osx_cocoau_stc-3.1 -lwx_osx_cocoau_gl-3.1 -lwx_osx_cocoau_xrc-3.1 -lwx_baseu_xml-3.1 -lwx_baseu_net-3.1 -lwx_osx_cocoau_media-3.1 -lwx_osx_cocoau_richtext-3.1 -lwx_osx_cocoau_aui-3.1 -lwx_osx_cocoau_html-3.1 -lwx_osx_cocoau_core-3.1 -lwx_baseu-3.1 /Users/apple/MyProject/ntools/modules/wxlua/wxLua/wxLua-build/lib/Debug/Release/libwxlua_bind-wx31osx_cocoau-2.8.12.3.dylib /Users/apple/MyProject/ntools/modules/wxlua/wxLua/wxLua-build/lib/Debug/Release/libwxlua-wx31osx_cocoau-2.8.12.3.dylib /Users/apple/MyProject/ntools/modules/wxlua/wxLua/wxLua-build/lib/Debug/Release/libwxlua_lua51-wx31osx_cocoau-2.8.12.3.dylib -lm -lreadline -L/Users/apple/MyProject/ntools/modules/wxWidgets/build-cocoa-debug/lib -framework IOKit -framework Carbon -framework Cocoa -framework AudioToolbox -framework System -framework OpenGL -lwx_osx_cocoau_stc-3.1 -lwx_osx_cocoau_gl-3.1 -lwx_osx_cocoau_xrc-3.1 -lwx_baseu_xml-3.1 -lwx_baseu_net-3.1 -lwx_osx_cocoau_media-3.1 -lwx_osx_cocoau_richtext-3.1 -lwx_osx_cocoau_aui-3.1 -lwx_osx_cocoau_html-3.1 -lwx_osx_cocoau_core-3.1 -lwx_baseu-3.1";
				OTHER_REZFLAGS = "";
				PRODUCT_NAME = wxLua;
				SECTORDER_FLAGS = "";
				SYMROOT = "/Users/apple/MyProject/ntools/modules/wxlua/wxLua/wxLua-build/apps/wxlua";
				USE_HEADERMAP = NO;
				WARNING_CFLAGS = ("-Wmost","-Wno-four-char-constants","-Wno-unknown-pragmas","$(inherited)");
			};
			name = Release;
		};
		F3FFC68A933544DEAF02A829 /* Debug */ = {
			isa = XCBuildConfiguration;
			buildSettings = {
				COMBINE_HIDPI_IMAGES = YES;
				GCC_GENERATE_DEBUGGING_SYMBOLS = YES;
				GCC_INLINES_ARE_PRIVATE_EXTERN = NO;
				GCC_OPTIMIZATION_LEVEL = 0;
				GCC_PREPROCESSOR_DEFINITIONS = ("'CMAKE_INTDIR=\"$(CONFIGURATION)$(EFFECTIVE_PLATFORM_NAME)\"'");
				GCC_SYMBOLS_PRIVATE_EXTERN = NO;
				INSTALL_PATH = "";
				OTHER_LDFLAGS = " ";
				OTHER_REZFLAGS = "";
				PRODUCT_NAME = ZERO_CHECK;
				SECTORDER_FLAGS = "";
				SYMROOT = "/Users/apple/MyProject/ntools/modules/wxlua/wxLua/wxLua-build/apps/wxlua";
				USE_HEADERMAP = NO;
				WARNING_CFLAGS = ("-Wmost","-Wno-four-char-constants","-Wno-unknown-pragmas","$(inherited)");
			};
			name = Debug;
		};
		F4720D38297C4CC4A2D61E9A /* MinSizeRel */ = {
			isa = XCBuildConfiguration;
			buildSettings = {
				ONLY_ACTIVE_ARCH = YES;
				SDKROOT = /Applications/Xcode.app/Contents/Developer/Platforms/MacOSX.platform/Developer/SDKs/MacOSX10.14.sdk;
				SYMROOT = "/Users/apple/MyProject/ntools/modules/wxlua/wxLua/wxLua-build/apps/wxlua/build";
			};
			name = MinSizeRel;
		};
		F62924CFE32B485F93232D3D /* MinSizeRel */ = {
			isa = XCBuildConfiguration;
			buildSettings = {
				COMBINE_HIDPI_IMAGES = YES;
				GCC_GENERATE_DEBUGGING_SYMBOLS = YES;
				GCC_INLINES_ARE_PRIVATE_EXTERN = NO;
				GCC_OPTIMIZATION_LEVEL = 0;
				GCC_PREPROCESSOR_DEFINITIONS = ("'CMAKE_INTDIR=\"$(CONFIGURATION)$(EFFECTIVE_PLATFORM_NAME)\"'");
				GCC_SYMBOLS_PRIVATE_EXTERN = NO;
				INSTALL_PATH = "";
				OTHER_LDFLAGS = " ";
				OTHER_REZFLAGS = "";
				PRODUCT_NAME = ZERO_CHECK;
				SECTORDER_FLAGS = "";
				SYMROOT = "/Users/apple/MyProject/ntools/modules/wxlua/wxLua/wxLua-build/apps/wxlua";
				USE_HEADERMAP = NO;
				WARNING_CFLAGS = ("-Wmost","-Wno-four-char-constants","-Wno-unknown-pragmas","$(inherited)");
			};
			name = MinSizeRel;
		};
		FBFD98C304C54AFCB320185F /* Debug */ = {
			isa = XCBuildConfiguration;
			buildSettings = {
				COMBINE_HIDPI_IMAGES = YES;
				GCC_GENERATE_DEBUGGING_SYMBOLS = YES;
				GCC_INLINES_ARE_PRIVATE_EXTERN = NO;
				GCC_OPTIMIZATION_LEVEL = 0;
				GCC_PREPROCESSOR_DEFINITIONS = ("'CMAKE_INTDIR=\"$(CONFIGURATION)$(EFFECTIVE_PLATFORM_NAME)\"'");
				GCC_SYMBOLS_PRIVATE_EXTERN = NO;
				INSTALL_PATH = "";
				OTHER_LDFLAGS = " ";
				OTHER_REZFLAGS = "";
				PRODUCT_NAME = ALL_BUILD;
				SECTORDER_FLAGS = "";
				SYMROOT = "/Users/apple/MyProject/ntools/modules/wxlua/wxLua/wxLua-build/apps/wxlua";
				USE_HEADERMAP = NO;
				WARNING_CFLAGS = ("-Wmost","-Wno-four-char-constants","-Wno-unknown-pragmas","$(inherited)");
			};
			name = Debug;
		};
/* End XCBuildConfiguration section */

/* Begin XCConfigurationList section */
		165785F58DC64AECA54A44B9 /* Build configuration list for PBXNativeTarget "wxLua_app" */ = {
			isa = XCConfigurationList;
			buildConfigurations = (
				9644C87AE90A45BD9417D29E /* Debug */,
				F0AC787599C24A6F907BECF8 /* Release */,
				C02375E042E541218D50091A /* MinSizeRel */,
				E3B041558F0E43CEB1E20100 /* RelWithDebInfo */,
			);
			defaultConfigurationIsVisible = 0;
			defaultConfigurationName = Debug;
		};
		22566CCF2221443EB9FC0CCE /* Build configuration list for PBXAggregateTarget "package" */ = {
			isa = XCConfigurationList;
			buildConfigurations = (
				E07A825EB642471C822FC11B /* Debug */,
				BA576EA6EDDE4C2687166964 /* Release */,
				08C261865EEA4DBF81811BEA /* MinSizeRel */,
				972139EF17DD44FFBBEC3A88 /* RelWithDebInfo */,
			);
			defaultConfigurationIsVisible = 0;
			defaultConfigurationName = Debug;
		};
		3AE05C67AC7D413983105F90 /* Build configuration list for PBXAggregateTarget "ALL_BUILD" */ = {
			isa = XCConfigurationList;
			buildConfigurations = (
				FBFD98C304C54AFCB320185F /* Debug */,
				9372FEC87F47427C930E0082 /* Release */,
				35718006BBAA46E6B0D53260 /* MinSizeRel */,
				4FF6808424824C1E93E598C9 /* RelWithDebInfo */,
			);
			defaultConfigurationIsVisible = 0;
			defaultConfigurationName = Debug;
		};
		B33DC7A80E80452791AAA3E7 /* Build configuration list for PBXAggregateTarget "ZERO_CHECK" */ = {
			isa = XCConfigurationList;
			buildConfigurations = (
				F3FFC68A933544DEAF02A829 /* Debug */,
				7672B4ED03A4478E871EAF69 /* Release */,
				F62924CFE32B485F93232D3D /* MinSizeRel */,
				364B46F233564093BECE74EC /* RelWithDebInfo */,
			);
			defaultConfigurationIsVisible = 0;
			defaultConfigurationName = Debug;
		};
		C00CAA6D7B814EC6974BC284 /* Build configuration list for PBXAggregateTarget "install" */ = {
			isa = XCConfigurationList;
			buildConfigurations = (
				A6BF7232744E44BEACF19E01 /* Debug */,
				079F5760CE904DED8BDB5AF6 /* Release */,
				6B425A29A03B4052817D5C35 /* MinSizeRel */,
				B7F091F042904BA8A08AEBD7 /* RelWithDebInfo */,
			);
			defaultConfigurationIsVisible = 0;
			defaultConfigurationName = Debug;
		};
		E1528520E99B430A8EF74129 /* Build configuration list for PBXProject "wxLua_Apps_wxLua" */ = {
			isa = XCConfigurationList;
			buildConfigurations = (
				EE014DC77E8A4F788FA935EB /* Debug */,
				E60F87C8C4884E97AC3F8E3B /* Release */,
				F4720D38297C4CC4A2D61E9A /* MinSizeRel */,
				747F270FED7A431FB977B9BB /* RelWithDebInfo */,
			);
			defaultConfigurationIsVisible = 0;
			defaultConfigurationName = Debug;
		};
/* End XCConfigurationList section */
	};
	rootObject = A1CFAD6F651F4C94A6432F5B /* Project object */;
}
