// !$*UTF8*$!
{
	archiveVersion = 1;
	classes = {
	};
	objectVersion = 46;
	objects = {

/* Begin PBXAggregateTarget section */
		69B0537E7103469AA3993026 /* install */ = {
			isa = PBXAggregateTarget;
			buildConfigurationList = 4ADCE0EECB08457D8EA607C7 /* Build configuration list for PBXAggregateTarget "install" */;
			buildPhases = (
				0876D95331514677BFB09E4D /* CMake PostBuild Rules */,
			);
			dependencies = (
			);
			name = install;
			productName = install;
		};
		7623C63FDED74328B4F5B4A5 /* ALL_BUILD */ = {
			isa = PBXAggregateTarget;
			buildConfigurationList = 15D9FB1E500D4DA7AF212BC5 /* Build configuration list for PBXAggregateTarget "ALL_BUILD" */;
			buildPhases = (
				EB022FA341614B118F9E555A /* CMake Rules */,
			);
			dependencies = (
				21D7C0F6E51F423785F21018 /* PBXTargetDependency */,
				843E2B97AAA041D5B8541A15 /* PBXTargetDependency */,
			);
			name = ALL_BUILD;
			productName = ALL_BUILD;
		};
		914DEC787B974231AF0D1A08 /* ZERO_CHECK */ = {
			isa = PBXAggregateTarget;
			buildConfigurationList = 57F921F509D34D518673BC51 /* Build configuration list for PBXAggregateTarget "ZERO_CHECK" */;
			buildPhases = (
				502FA527D836482CBBAB3562 /* CMake Rules */,
			);
			dependencies = (
			);
			name = ZERO_CHECK;
			productName = ZERO_CHECK;
		};
		D6F708C5B8524389802DA500 /* package */ = {
			isa = PBXAggregateTarget;
			buildConfigurationList = 7DAAEC852492452FAA912EF7 /* Build configuration list for PBXAggregateTarget "package" */;
			buildPhases = (
				E8AD43E44B704D79A42231F7 /* CMake PostBuild Rules */,
			);
			dependencies = (
				2B814E002D4549A0BE829B7E /* PBXTargetDependency */,
			);
			name = package;
			productName = package;
		};
/* End PBXAggregateTarget section */

/* Begin PBXBuildFile section */
		021BC3835051488E893527CF /* /Users/apple/MyProject/ntools/modules/wxlua/wxLua/apps/wxluacan/cancom.h */ = {isa = PBXBuildFile; fileRef = 8883DC85D272446EBBA2FEBE /* /Users/apple/MyProject/ntools/modules/wxlua/wxLua/apps/wxluacan/cancom.h */; };
		256C211B457F46C58C68E49B /* /Users/apple/MyProject/ntools/modules/wxlua/wxLua/art/wxlualogo.icns */ = {isa = PBXBuildFile; fileRef = 94DBDB1BCB5C46939AD07A08 /* /Users/apple/MyProject/ntools/modules/wxlua/wxLua/art/wxlualogo.icns */; };
		257A6E2D0214450EB49E5CAA /* /Users/apple/MyProject/ntools/modules/wxlua/wxLua/apps/wxluacan/wxluacan_bind.h */ = {isa = PBXBuildFile; fileRef = F19E53623BD8479E922E92BF /* /Users/apple/MyProject/ntools/modules/wxlua/wxLua/apps/wxluacan/wxluacan_bind.h */; };
		66CE25C6127A4E96BC402210 /* /Users/apple/MyProject/ntools/modules/wxlua/wxLua/apps/wxluacan/canlua.cpp */ = {isa = PBXBuildFile; fileRef = C4EBBD44B2BA4F46A1C186C4 /* /Users/apple/MyProject/ntools/modules/wxlua/wxLua/apps/wxluacan/canlua.cpp */; };
		6C04E6272D4C4148B4DBA6DC /* /Users/apple/MyProject/ntools/modules/wxlua/wxLua/apps/wxluacan/canlua.h */ = {isa = PBXBuildFile; fileRef = E8B3A3FF90B2442B9CD8809E /* /Users/apple/MyProject/ntools/modules/wxlua/wxLua/apps/wxluacan/canlua.h */; };
		772DE9D92AC24E74AC618076 /* /Users/apple/MyProject/ntools/modules/wxlua/wxLua/apps/wxluacan/cansim.cpp */ = {isa = PBXBuildFile; fileRef = 8237982ABC3242F3ACD7ECCB /* /Users/apple/MyProject/ntools/modules/wxlua/wxLua/apps/wxluacan/cansim.cpp */; };
		C0DBC935D4DF46979EE73732 /* /Users/apple/MyProject/ntools/modules/wxlua/wxLua/apps/wxluacan/cansim.rc */ = {isa = PBXBuildFile; fileRef = D7C80CF032BF4EA387EEB7C5 /* /Users/apple/MyProject/ntools/modules/wxlua/wxLua/apps/wxluacan/cansim.rc */; };
		CD3ED3340CEA4647999B1AC6 /* /Users/apple/MyProject/ntools/modules/wxlua/wxLua/apps/wxluacan/cansim.h */ = {isa = PBXBuildFile; fileRef = 48E08C06A4A54F9CAED00709 /* /Users/apple/MyProject/ntools/modules/wxlua/wxLua/apps/wxluacan/cansim.h */; };
		D9515D7C51F145DE9B625946 /* /Users/apple/MyProject/ntools/modules/wxlua/wxLua/apps/wxluacan/cancom.cpp */ = {isa = PBXBuildFile; fileRef = F4B3301BD4F1498FB9A880D8 /* /Users/apple/MyProject/ntools/modules/wxlua/wxLua/apps/wxluacan/cancom.cpp */; };
		EA7DAE7C0FE84A709C96BAB7 /* /Users/apple/MyProject/ntools/modules/wxlua/wxLua/wxLua-build/apps/wxluacan/CMakeFiles/wxLuaCan.dir/Info.plist */ = {isa = PBXBuildFile; fileRef = 7F730E50B36E475B9B6E8121 /* /Users/apple/MyProject/ntools/modules/wxlua/wxLua/wxLua-build/apps/wxluacan/CMakeFiles/wxLuaCan.dir/Info.plist */; };
		F90B1BF81AC04BBAB38CD19E /* /Users/apple/MyProject/ntools/modules/wxlua/wxLua/apps/wxluacan/wxluacan_bind.cpp */ = {isa = PBXBuildFile; fileRef = 82D738F0BCEB4236A157028E /* /Users/apple/MyProject/ntools/modules/wxlua/wxLua/apps/wxluacan/wxluacan_bind.cpp */; };
		F96A21D174DF40B3B2BCB918 /* /Users/apple/MyProject/ntools/modules/wxlua/wxLua/apps/wxluacan/CMakeLists.txt */ = {isa = PBXBuildFile; fileRef = C88BD46FAD754B5999813C33 /* /Users/apple/MyProject/ntools/modules/wxlua/wxLua/apps/wxluacan/CMakeLists.txt */; };
/* End PBXBuildFile section */

/* Begin PBXBuildStyle section */
		33A289B709B6416899FECABE /* Release */ = {
			isa = PBXBuildStyle;
			buildSettings = {
				COPY_PHASE_STRIP = NO;
			};
			name = Release;
		};
		6D87D73BA8634B7692EB1B1E /* RelWithDebInfo */ = {
			isa = PBXBuildStyle;
			buildSettings = {
				COPY_PHASE_STRIP = NO;
			};
			name = RelWithDebInfo;
		};
		C58D54BA9C344D418937C22E /* Debug */ = {
			isa = PBXBuildStyle;
			buildSettings = {
				COPY_PHASE_STRIP = NO;
			};
			name = Debug;
		};
		E31C1D5500BC40BA97988A5F /* MinSizeRel */ = {
			isa = PBXBuildStyle;
			buildSettings = {
				COPY_PHASE_STRIP = NO;
			};
			name = MinSizeRel;
		};
/* End PBXBuildStyle section */

/* Begin PBXContainerItemProxy section */
		01A1B085E7464162A06F6D7E /* PBXContainerItemProxy */ = {
			isa = PBXContainerItemProxy;
			containerPortal = 144F1A680413403B85E4320A /* Project object */;
			proxyType = 1;
			remoteGlobalIDString = 97D69F59946A470F8B10DD94;
			remoteInfo = wxLuaCan;
		};
		3E960097D5D0401C8E2C3317 /* PBXContainerItemProxy */ = {
			isa = PBXContainerItemProxy;
			containerPortal = 144F1A680413403B85E4320A /* Project object */;
			proxyType = 1;
			remoteGlobalIDString = 914DEC787B974231AF0D1A08;
			remoteInfo = ZERO_CHECK;
		};
		892E1E3BBC8E48FDB6149664 /* PBXContainerItemProxy */ = {
			isa = PBXContainerItemProxy;
			containerPortal = 144F1A680413403B85E4320A /* Project object */;
			proxyType = 1;
			remoteGlobalIDString = 914DEC787B974231AF0D1A08;
			remoteInfo = ZERO_CHECK;
		};
		E3493949E4F74C3CAEF39D61 /* PBXContainerItemProxy */ = {
			isa = PBXContainerItemProxy;
			containerPortal = 144F1A680413403B85E4320A /* Project object */;
			proxyType = 1;
			remoteGlobalIDString = 7623C63FDED74328B4F5B4A5;
			remoteInfo = ALL_BUILD;
		};
/* End PBXContainerItemProxy section */

/* Begin PBXFileReference section */
		3EBCD4D9C5A940FA8FBA41E3 /* wxLuaCan */ = {isa = PBXFileReference; explicitFileType = "compiled.mach-o.executable"; path = wxLuaCan; sourceTree = BUILT_PRODUCTS_DIR; };
		48E08C06A4A54F9CAED00709 /* /Users/apple/MyProject/ntools/modules/wxlua/wxLua/apps/wxluacan/cansim.h */ = {isa = PBXFileReference; explicitFileType = sourcecode.c.h; fileEncoding = 4; name = cansim.h; path = cansim.h; sourceTree = SOURCE_ROOT; };
		72E1191E909B46A58890D013 /* /Users/apple/MyProject/ntools/modules/wxlua/wxLua/apps/wxluacan/CMakeLists.txt */ = {isa = PBXFileReference; explicitFileType = sourcecode.text; fileEncoding = 4; name = CMakeLists.txt; path = CMakeLists.txt; sourceTree = SOURCE_ROOT; };
		7F730E50B36E475B9B6E8121 /* /Users/apple/MyProject/ntools/modules/wxlua/wxLua/wxLua-build/apps/wxluacan/CMakeFiles/wxLuaCan.dir/Info.plist */ = {isa = PBXFileReference; explicitFileType = sourcecode.text.plist; fileEncoding = 4; name = Info.plist; path = "../../wxLua-build/apps/wxluacan/CMakeFiles/wxLuaCan.dir/Info.plist"; sourceTree = SOURCE_ROOT; };
		8237982ABC3242F3ACD7ECCB /* /Users/apple/MyProject/ntools/modules/wxlua/wxLua/apps/wxluacan/cansim.cpp */ = {isa = PBXFileReference; explicitFileType = sourcecode.cpp.cpp; fileEncoding = 4; name = cansim.cpp; path = cansim.cpp; sourceTree = SOURCE_ROOT; };
		82D738F0BCEB4236A157028E /* /Users/apple/MyProject/ntools/modules/wxlua/wxLua/apps/wxluacan/wxluacan_bind.cpp */ = {isa = PBXFileReference; explicitFileType = sourcecode.cpp.cpp; fileEncoding = 4; name = wxluacan_bind.cpp; path = wxluacan_bind.cpp; sourceTree = SOURCE_ROOT; };
		8883DC85D272446EBBA2FEBE /* /Users/apple/MyProject/ntools/modules/wxlua/wxLua/apps/wxluacan/cancom.h */ = {isa = PBXFileReference; explicitFileType = sourcecode.c.h; fileEncoding = 4; name = cancom.h; path = cancom.h; sourceTree = SOURCE_ROOT; };
		94DBDB1BCB5C46939AD07A08 /* /Users/apple/MyProject/ntools/modules/wxlua/wxLua/art/wxlualogo.icns */ = {isa = PBXFileReference; explicitFileType = sourcecode; fileEncoding = 4; name = wxlualogo.icns; path = ../../art/wxlualogo.icns; sourceTree = SOURCE_ROOT; };
		C4EBBD44B2BA4F46A1C186C4 /* /Users/apple/MyProject/ntools/modules/wxlua/wxLua/apps/wxluacan/canlua.cpp */ = {isa = PBXFileReference; explicitFileType = sourcecode.cpp.cpp; fileEncoding = 4; name = canlua.cpp; path = canlua.cpp; sourceTree = SOURCE_ROOT; };
		C88BD46FAD754B5999813C33 /* /Users/apple/MyProject/ntools/modules/wxlua/wxLua/apps/wxluacan/CMakeLists.txt */ = {isa = PBXFileReference; explicitFileType = sourcecode.text; fileEncoding = 4; name = CMakeLists.txt; path = CMakeLists.txt; sourceTree = SOURCE_ROOT; };
		D7C80CF032BF4EA387EEB7C5 /* /Users/apple/MyProject/ntools/modules/wxlua/wxLua/apps/wxluacan/cansim.rc */ = {isa = PBXFileReference; explicitFileType = sourcecode; fileEncoding = 4; name = cansim.rc; path = cansim.rc; sourceTree = SOURCE_ROOT; };
		E8B3A3FF90B2442B9CD8809E /* /Users/apple/MyProject/ntools/modules/wxlua/wxLua/apps/wxluacan/canlua.h */ = {isa = PBXFileReference; explicitFileType = sourcecode.c.h; fileEncoding = 4; name = canlua.h; path = canlua.h; sourceTree = SOURCE_ROOT; };
		F19E53623BD8479E922E92BF /* /Users/apple/MyProject/ntools/modules/wxlua/wxLua/apps/wxluacan/wxluacan_bind.h */ = {isa = PBXFileReference; explicitFileType = sourcecode.c.h; fileEncoding = 4; name = wxluacan_bind.h; path = wxluacan_bind.h; sourceTree = SOURCE_ROOT; };
		F4B3301BD4F1498FB9A880D8 /* /Users/apple/MyProject/ntools/modules/wxlua/wxLua/apps/wxluacan/cancom.cpp */ = {isa = PBXFileReference; explicitFileType = sourcecode.cpp.cpp; fileEncoding = 4; name = cancom.cpp; path = cancom.cpp; sourceTree = SOURCE_ROOT; };
/* End PBXFileReference section */

/* Begin PBXGroup section */
		02CFF95C5F554831906D64F0 /* apps */ = {
			isa = PBXGroup;
			children = (
				74E377D1CB0841E1AEEFD759 /* wxLuaCan */,
			);
			name = apps;
			sourceTree = "<group>";
		};
		0964595ECFB5404DAA3E6FFC /* wxLua */ = {
			isa = PBXGroup;
			children = (
				02CFF95C5F554831906D64F0 /* apps */,
			);
			name = wxLua;
			sourceTree = "<group>";
		};
		5640256711774DDB8D3951B9 = {
			isa = PBXGroup;
			children = (
				0964595ECFB5404DAA3E6FFC /* wxLua */,
				67FE3FC481AB4D2796017E42 /* ALL_BUILD */,
				9220593512FB40DE86B3B9BE /* Products */,
			);
			sourceTree = "<group>";
		};
		57C7B9144B544169AE25E647 /* Header Files */ = {
			isa = PBXGroup;
			children = (
				8883DC85D272446EBBA2FEBE /* /Users/apple/MyProject/ntools/modules/wxlua/wxLua/apps/wxluacan/cancom.h */,
				E8B3A3FF90B2442B9CD8809E /* /Users/apple/MyProject/ntools/modules/wxlua/wxLua/apps/wxluacan/canlua.h */,
				48E08C06A4A54F9CAED00709 /* /Users/apple/MyProject/ntools/modules/wxlua/wxLua/apps/wxluacan/cansim.h */,
				F19E53623BD8479E922E92BF /* /Users/apple/MyProject/ntools/modules/wxlua/wxLua/apps/wxluacan/wxluacan_bind.h */,
			);
			name = "Header Files";
			sourceTree = "<group>";
		};
		5E947C001B594829BB1CA26D /* CMake Rules */ = {
			isa = PBXGroup;
			children = (
			);
			name = "CMake Rules";
			sourceTree = "<group>";
		};
		67FE3FC481AB4D2796017E42 /* ALL_BUILD */ = {
			isa = PBXGroup;
			children = (
				5E947C001B594829BB1CA26D /* CMake Rules */,
				72E1191E909B46A58890D013 /* /Users/apple/MyProject/ntools/modules/wxlua/wxLua/apps/wxluacan/CMakeLists.txt */,
			);
			name = ALL_BUILD;
			sourceTree = "<group>";
		};
		74E377D1CB0841E1AEEFD759 /* wxLuaCan */ = {
			isa = PBXGroup;
			children = (
				57C7B9144B544169AE25E647 /* Header Files */,
				FE1937A4EB294E149F06F763 /* Source Files */,
				E931F5CF33354618905EA5AE /* Resources */,
				C88BD46FAD754B5999813C33 /* /Users/apple/MyProject/ntools/modules/wxlua/wxLua/apps/wxluacan/CMakeLists.txt */,
				94DBDB1BCB5C46939AD07A08 /* /Users/apple/MyProject/ntools/modules/wxlua/wxLua/art/wxlualogo.icns */,
			);
			name = wxLuaCan;
			sourceTree = "<group>";
		};
		9220593512FB40DE86B3B9BE /* Products */ = {
			isa = PBXGroup;
			children = (
				3EBCD4D9C5A940FA8FBA41E3 /* wxLuaCan */,
			);
			name = Products;
			sourceTree = "<group>";
		};
		E931F5CF33354618905EA5AE /* Resources */ = {
			isa = PBXGroup;
			children = (
				7F730E50B36E475B9B6E8121 /* /Users/apple/MyProject/ntools/modules/wxlua/wxLua/wxLua-build/apps/wxluacan/CMakeFiles/wxLuaCan.dir/Info.plist */,
			);
			name = Resources;
			sourceTree = "<group>";
		};
		FE1937A4EB294E149F06F763 /* Source Files */ = {
			isa = PBXGroup;
			children = (
				F4B3301BD4F1498FB9A880D8 /* /Users/apple/MyProject/ntools/modules/wxlua/wxLua/apps/wxluacan/cancom.cpp */,
				C4EBBD44B2BA4F46A1C186C4 /* /Users/apple/MyProject/ntools/modules/wxlua/wxLua/apps/wxluacan/canlua.cpp */,
				8237982ABC3242F3ACD7ECCB /* /Users/apple/MyProject/ntools/modules/wxlua/wxLua/apps/wxluacan/cansim.cpp */,
				D7C80CF032BF4EA387EEB7C5 /* /Users/apple/MyProject/ntools/modules/wxlua/wxLua/apps/wxluacan/cansim.rc */,
				82D738F0BCEB4236A157028E /* /Users/apple/MyProject/ntools/modules/wxlua/wxLua/apps/wxluacan/wxluacan_bind.cpp */,
			);
			name = "Source Files";
			sourceTree = "<group>";
		};
/* End PBXGroup section */

/* Begin PBXNativeTarget section */
		97D69F59946A470F8B10DD94 /* wxLuaCan */ = {
			isa = PBXNativeTarget;
			buildConfigurationList = 593CE0CDFF244FF89EAAE508 /* Build configuration list for PBXNativeTarget "wxLuaCan" */;
			buildPhases = (
				C71B055DACA8461DBE00597D /* Resources */,
				658D8872B7724876B812663C /* Sources */,
			);
			buildRules = (
			);
			dependencies = (
				3199A18BCC0848D6906C035F /* PBXTargetDependency */,
			);
			name = wxLuaCan;
			productName = wxLuaCan;
			productReference = 3EBCD4D9C5A940FA8FBA41E3 /* wxLuaCan */;
			productType = "com.apple.product-type.application";
		};
/* End PBXNativeTarget section */

/* Begin PBXProject section */
		144F1A680413403B85E4320A /* Project object */ = {
			isa = PBXProject;
			attributes = {
				BuildIndependentTargetsInParallel = YES;
				LastUpgradeCheck = 1030;
			};
			buildConfigurationList = 8620545C70F1429797A5D1E6 /* Build configuration list for PBXProject "wxLua_Apps_wxLuaCan" */;
			buildSettings = {
			};
			buildStyles = (
				C58D54BA9C344D418937C22E /* Debug */,
				33A289B709B6416899FECABE /* Release */,
				E31C1D5500BC40BA97988A5F /* MinSizeRel */,
				6D87D73BA8634B7692EB1B1E /* RelWithDebInfo */,
			);
			compatibilityVersion = "Xcode 3.2";
			hasScannedForEncodings = 0;
			mainGroup = 5640256711774DDB8D3951B9;
			projectDirPath = ../../../apps/wxluacan;
			projectRoot = "";
			targets = (
				7623C63FDED74328B4F5B4A5 /* ALL_BUILD */,
				914DEC787B974231AF0D1A08 /* ZERO_CHECK */,
				69B0537E7103469AA3993026 /* install */,
				D6F708C5B8524389802DA500 /* package */,
				97D69F59946A470F8B10DD94 /* wxLuaCan */,
			);
		};
/* End PBXProject section */

/* Begin PBXShellScriptBuildPhase section */
		0876D95331514677BFB09E4D /* CMake PostBuild Rules */ = {
			isa = PBXShellScriptBuildPhase;
			buildActionMask = 2147483647;
			files = (
			);
			name = "CMake PostBuild Rules";
			runOnlyForDeploymentPostprocessing = 0;
			shellPath = /bin/sh;
			shellScript = "make -C /Users/apple/MyProject/ntools/modules/wxlua/wxLua/wxLua-build/apps/wxluacan -f /Users/apple/MyProject/ntools/modules/wxlua/wxLua/wxLua-build/apps/wxluacan/CMakeScripts/install_postBuildPhase.make$CONFIGURATION OBJDIR=$(basename \"$OBJECT_FILE_DIR_normal\") all";
			showEnvVarsInLog = 0;
		};
		3CAE26AD53BB471DB7EE5A01 = {
			isa = PBXShellScriptBuildPhase;
			buildActionMask = 2147483647;
			files = (
			);
			inputPaths = (
			);
			outputPaths = (
			);
			runOnlyForDeploymentPostprocessing = 0;
			shellPath = /bin/sh;
			shellScript = "# shell script goes here
exit 0";
			showEnvVarsInLog = 0;
		};
		502FA527D836482CBBAB3562 /* CMake Rules */ = {
			isa = PBXShellScriptBuildPhase;
			buildActionMask = 2147483647;
			files = (
			);
			name = "CMake Rules";
			runOnlyForDeploymentPostprocessing = 0;
			shellPath = /bin/sh;
			shellScript = "make -C /Users/apple/MyProject/ntools/modules/wxlua/wxLua/wxLua-build/apps/wxluacan -f /Users/apple/MyProject/ntools/modules/wxlua/wxLua/wxLua-build/apps/wxluacan/CMakeScripts/ZERO_CHECK_cmakeRulesBuildPhase.make$CONFIGURATION OBJDIR=$(basename \"$OBJECT_FILE_DIR_normal\") all";
			showEnvVarsInLog = 0;
		};
		79333FB945C04885B5D202BC = {
			isa = PBXShellScriptBuildPhase;
			buildActionMask = 2147483647;
			files = (
			);
			inputPaths = (
			);
			outputPaths = (
			);
			runOnlyForDeploymentPostprocessing = 0;
			shellPath = /bin/sh;
			shellScript = "# shell script goes here
exit 0";
			showEnvVarsInLog = 0;
		};
		E8AD43E44B704D79A42231F7 /* CMake PostBuild Rules */ = {
			isa = PBXShellScriptBuildPhase;
			buildActionMask = 2147483647;
			files = (
			);
			name = "CMake PostBuild Rules";
			runOnlyForDeploymentPostprocessing = 0;
			shellPath = /bin/sh;
			shellScript = "make -C /Users/apple/MyProject/ntools/modules/wxlua/wxLua/wxLua-build/apps/wxluacan -f /Users/apple/MyProject/ntools/modules/wxlua/wxLua/wxLua-build/apps/wxluacan/CMakeScripts/package_postBuildPhase.make$CONFIGURATION OBJDIR=$(basename \"$OBJECT_FILE_DIR_normal\") all";
			showEnvVarsInLog = 0;
		};
		EB022FA341614B118F9E555A /* CMake Rules */ = {
			isa = PBXShellScriptBuildPhase;
			buildActionMask = 2147483647;
			files = (
			);
			name = "CMake Rules";
			runOnlyForDeploymentPostprocessing = 0;
			shellPath = /bin/sh;
			shellScript = "make -C /Users/apple/MyProject/ntools/modules/wxlua/wxLua/wxLua-build/apps/wxluacan -f /Users/apple/MyProject/ntools/modules/wxlua/wxLua/wxLua-build/apps/wxluacan/CMakeScripts/ALL_BUILD_cmakeRulesBuildPhase.make$CONFIGURATION OBJDIR=$(basename \"$OBJECT_FILE_DIR_normal\") all";
			showEnvVarsInLog = 0;
		};
		EB64A3E4A26F46C28BFD7311 = {
			isa = PBXShellScriptBuildPhase;
			buildActionMask = 2147483647;
			files = (
			);
			inputPaths = (
			);
			outputPaths = (
			);
			runOnlyForDeploymentPostprocessing = 0;
			shellPath = /bin/sh;
			shellScript = "# shell script goes here
exit 0";
			showEnvVarsInLog = 0;
		};
		FB5CA571F8B44AB69534F92D = {
			isa = PBXShellScriptBuildPhase;
			buildActionMask = 2147483647;
			files = (
			);
			inputPaths = (
			);
			outputPaths = (
			);
			runOnlyForDeploymentPostprocessing = 0;
			shellPath = /bin/sh;
			shellScript = "# shell script goes here
exit 0";
			showEnvVarsInLog = 0;
		};
/* End PBXShellScriptBuildPhase section */

/* Begin PBXResourcesBuildPhase section */
		C71B055DACA8461DBE00597D /* Resources */ = {
			isa = PBXResourcesBuildPhase;
			buildActionMask = 2147483647;
			files = (
				256C211B457F46C58C68E49B /* /Users/apple/MyProject/ntools/modules/wxlua/wxLua/art/wxlualogo.icns */,
			);
			runOnlyForDeploymentPostprocessing = 0;
		};
/* End PBXResourcesBuildPhase section */

/* Begin PBXSourcesBuildPhase section */
		658D8872B7724876B812663C /* Sources */ = {
			isa = PBXSourcesBuildPhase;
			buildActionMask = 2147483647;
			files = (
				D9515D7C51F145DE9B625946 /* /Users/apple/MyProject/ntools/modules/wxlua/wxLua/apps/wxluacan/cancom.cpp */,
				66CE25C6127A4E96BC402210 /* /Users/apple/MyProject/ntools/modules/wxlua/wxLua/apps/wxluacan/canlua.cpp */,
				772DE9D92AC24E74AC618076 /* /Users/apple/MyProject/ntools/modules/wxlua/wxLua/apps/wxluacan/cansim.cpp */,
				F90B1BF81AC04BBAB38CD19E /* /Users/apple/MyProject/ntools/modules/wxlua/wxLua/apps/wxluacan/wxluacan_bind.cpp */,
			);
			runOnlyForDeploymentPostprocessing = 0;
		};
/* End PBXSourcesBuildPhase section */

/* Begin PBXTargetDependency section */
		21D7C0F6E51F423785F21018 /* PBXTargetDependency */ = {
			isa = PBXTargetDependency;
			target = 914DEC787B974231AF0D1A08 /* ZERO_CHECK */;
			targetProxy = 3E960097D5D0401C8E2C3317 /* PBXContainerItemProxy */;
		};
		2B814E002D4549A0BE829B7E /* PBXTargetDependency */ = {
			isa = PBXTargetDependency;
			target = 7623C63FDED74328B4F5B4A5 /* ALL_BUILD */;
			targetProxy = E3493949E4F74C3CAEF39D61 /* PBXContainerItemProxy */;
		};
		3199A18BCC0848D6906C035F /* PBXTargetDependency */ = {
			isa = PBXTargetDependency;
			target = 914DEC787B974231AF0D1A08 /* ZERO_CHECK */;
			targetProxy = 892E1E3BBC8E48FDB6149664 /* PBXContainerItemProxy */;
		};
		843E2B97AAA041D5B8541A15 /* PBXTargetDependency */ = {
			isa = PBXTargetDependency;
			target = 97D69F59946A470F8B10DD94 /* wxLuaCan */;
			targetProxy = 01A1B085E7464162A06F6D7E /* PBXContainerItemProxy */;
		};
/* End PBXTargetDependency section */

/* Begin XCBuildConfiguration section */
		05AA1D54D43242379461BF58 /* MinSizeRel */ = {
			isa = XCBuildConfiguration;
			buildSettings = {
				ONLY_ACTIVE_ARCH = YES;
				SDKROOT = /Applications/Xcode.app/Contents/Developer/Platforms/MacOSX.platform/Developer/SDKs/MacOSX10.14.sdk;
				SYMROOT = "/Users/apple/MyProject/ntools/modules/wxlua/wxLua/wxLua-build/apps/wxluacan/build";
			};
			name = MinSizeRel;
		};
		091C2F29EA764577B37697EA /* Debug */ = {
			isa = XCBuildConfiguration;
			buildSettings = {
				COMBINE_HIDPI_IMAGES = YES;
				GCC_GENERATE_DEBUGGING_SYMBOLS = YES;
				GCC_INLINES_ARE_PRIVATE_EXTERN = NO;
				GCC_OPTIMIZATION_LEVEL = 0;
				GCC_PREPROCESSOR_DEFINITIONS = ("'CMAKE_INTDIR=\"$(CONFIGURATION)$(EFFECTIVE_PLATFORM_NAME)\"'");
				GCC_SYMBOLS_PRIVATE_EXTERN = NO;
				INSTALL_PATH = "";
				OTHER_LDFLAGS = " ";
				OTHER_REZFLAGS = "";
				PRODUCT_NAME = package;
				SECTORDER_FLAGS = "";
				SYMROOT = "/Users/apple/MyProject/ntools/modules/wxlua/wxLua/wxLua-build/apps/wxluacan";
				USE_HEADERMAP = NO;
				WARNING_CFLAGS = ("-Wmost","-Wno-four-char-constants","-Wno-unknown-pragmas","$(inherited)");
			};
			name = Debug;
		};
		23109D9F63584143BBE47EBB /* RelWithDebInfo */ = {
			isa = XCBuildConfiguration;
			buildSettings = {
				COMBINE_HIDPI_IMAGES = YES;
				GCC_GENERATE_DEBUGGING_SYMBOLS = YES;
				GCC_INLINES_ARE_PRIVATE_EXTERN = NO;
				GCC_OPTIMIZATION_LEVEL = 0;
				GCC_PREPROCESSOR_DEFINITIONS = ("'CMAKE_INTDIR=\"$(CONFIGURATION)$(EFFECTIVE_PLATFORM_NAME)\"'");
				GCC_SYMBOLS_PRIVATE_EXTERN = NO;
				INSTALL_PATH = "";
				OTHER_LDFLAGS = " ";
				OTHER_REZFLAGS = "";
				PRODUCT_NAME = package;
				SECTORDER_FLAGS = "";
				SYMROOT = "/Users/apple/MyProject/ntools/modules/wxlua/wxLua/wxLua-build/apps/wxluacan";
				USE_HEADERMAP = NO;
				WARNING_CFLAGS = ("-Wmost","-Wno-four-char-constants","-Wno-unknown-pragmas","$(inherited)");
			};
			name = RelWithDebInfo;
		};
		2FDB65918C1F4687932B43DE /* Release */ = {
			isa = XCBuildConfiguration;
			buildSettings = {
				COMBINE_HIDPI_IMAGES = YES;
				GCC_GENERATE_DEBUGGING_SYMBOLS = YES;
				GCC_INLINES_ARE_PRIVATE_EXTERN = NO;
				GCC_OPTIMIZATION_LEVEL = 0;
				GCC_PREPROCESSOR_DEFINITIONS = ("'CMAKE_INTDIR=\"$(CONFIGURATION)$(EFFECTIVE_PLATFORM_NAME)\"'");
				GCC_SYMBOLS_PRIVATE_EXTERN = NO;
				INSTALL_PATH = "";
				OTHER_LDFLAGS = " ";
				OTHER_REZFLAGS = "";
				PRODUCT_NAME = package;
				SECTORDER_FLAGS = "";
				SYMROOT = "/Users/apple/MyProject/ntools/modules/wxlua/wxLua/wxLua-build/apps/wxluacan";
				USE_HEADERMAP = NO;
				WARNING_CFLAGS = ("-Wmost","-Wno-four-char-constants","-Wno-unknown-pragmas","$(inherited)");
			};
			name = Release;
		};
		3725295F67B34F5897284FFD /* MinSizeRel */ = {
			isa = XCBuildConfiguration;
			buildSettings = {
				COMBINE_HIDPI_IMAGES = YES;
				GCC_GENERATE_DEBUGGING_SYMBOLS = YES;
				GCC_INLINES_ARE_PRIVATE_EXTERN = NO;
				GCC_OPTIMIZATION_LEVEL = 0;
				GCC_PREPROCESSOR_DEFINITIONS = ("'CMAKE_INTDIR=\"$(CONFIGURATION)$(EFFECTIVE_PLATFORM_NAME)\"'");
				GCC_SYMBOLS_PRIVATE_EXTERN = NO;
				INSTALL_PATH = "";
				OTHER_LDFLAGS = " ";
				OTHER_REZFLAGS = "";
				PRODUCT_NAME = package;
				SECTORDER_FLAGS = "";
				SYMROOT = "/Users/apple/MyProject/ntools/modules/wxlua/wxLua/wxLua-build/apps/wxluacan";
				USE_HEADERMAP = NO;
				WARNING_CFLAGS = ("-Wmost","-Wno-four-char-constants","-Wno-unknown-pragmas","$(inherited)");
			};
			name = MinSizeRel;
		};
		4C9DB83D108041ACB37D6310 /* Debug */ = {
			isa = XCBuildConfiguration;
			buildSettings = {
				ONLY_ACTIVE_ARCH = YES;
				SDKROOT = /Applications/Xcode.app/Contents/Developer/Platforms/MacOSX.platform/Developer/SDKs/MacOSX10.14.sdk;
				SYMROOT = "/Users/apple/MyProject/ntools/modules/wxlua/wxLua/wxLua-build/apps/wxluacan/build";
			};
			name = Debug;
		};
		52D177D307FB4CE88F93109D /* MinSizeRel */ = {
			isa = XCBuildConfiguration;
			buildSettings = {
				COMBINE_HIDPI_IMAGES = YES;
				GCC_GENERATE_DEBUGGING_SYMBOLS = YES;
				GCC_INLINES_ARE_PRIVATE_EXTERN = NO;
				GCC_OPTIMIZATION_LEVEL = 0;
				GCC_PREPROCESSOR_DEFINITIONS = ("'CMAKE_INTDIR=\"$(CONFIGURATION)$(EFFECTIVE_PLATFORM_NAME)\"'");
				GCC_SYMBOLS_PRIVATE_EXTERN = NO;
				INSTALL_PATH = "";
				OTHER_LDFLAGS = " ";
				OTHER_REZFLAGS = "";
				PRODUCT_NAME = ZERO_CHECK;
				SECTORDER_FLAGS = "";
				SYMROOT = "/Users/apple/MyProject/ntools/modules/wxlua/wxLua/wxLua-build/apps/wxluacan";
				USE_HEADERMAP = NO;
				WARNING_CFLAGS = ("-Wmost","-Wno-four-char-constants","-Wno-unknown-pragmas","$(inherited)");
			};
			name = MinSizeRel;
		};
		560AD89F78A547C483EC757C /* Release */ = {
			isa = XCBuildConfiguration;
			buildSettings = {
				COMBINE_HIDPI_IMAGES = YES;
				GCC_GENERATE_DEBUGGING_SYMBOLS = YES;
				GCC_INLINES_ARE_PRIVATE_EXTERN = NO;
				GCC_OPTIMIZATION_LEVEL = 0;
				GCC_PREPROCESSOR_DEFINITIONS = ("'CMAKE_INTDIR=\"$(CONFIGURATION)$(EFFECTIVE_PLATFORM_NAME)\"'");
				GCC_SYMBOLS_PRIVATE_EXTERN = NO;
				INSTALL_PATH = "";
				OTHER_LDFLAGS = " ";
				OTHER_REZFLAGS = "";
				PRODUCT_NAME = ZERO_CHECK;
				SECTORDER_FLAGS = "";
				SYMROOT = "/Users/apple/MyProject/ntools/modules/wxlua/wxLua/wxLua-build/apps/wxluacan";
				USE_HEADERMAP = NO;
				WARNING_CFLAGS = ("-Wmost","-Wno-four-char-constants","-Wno-unknown-pragmas","$(inherited)");
			};
			name = Release;
		};
		67623CE1946746E790882354 /* MinSizeRel */ = {
			isa = XCBuildConfiguration;
			buildSettings = {
				COMBINE_HIDPI_IMAGES = YES;
				GCC_GENERATE_DEBUGGING_SYMBOLS = YES;
				GCC_INLINES_ARE_PRIVATE_EXTERN = NO;
				GCC_OPTIMIZATION_LEVEL = 0;
				GCC_PREPROCESSOR_DEFINITIONS = ("'CMAKE_INTDIR=\"$(CONFIGURATION)$(EFFECTIVE_PLATFORM_NAME)\"'");
				GCC_SYMBOLS_PRIVATE_EXTERN = NO;
				INSTALL_PATH = "";
				OTHER_LDFLAGS = " ";
				OTHER_REZFLAGS = "";
				PRODUCT_NAME = install;
				SECTORDER_FLAGS = "";
				SYMROOT = "/Users/apple/MyProject/ntools/modules/wxlua/wxLua/wxLua-build/apps/wxluacan";
				USE_HEADERMAP = NO;
				WARNING_CFLAGS = ("-Wmost","-Wno-four-char-constants","-Wno-unknown-pragmas","$(inherited)");
			};
			name = MinSizeRel;
		};
		716CBF04AB934B7E94D10EA2 /* Release */ = {
			isa = XCBuildConfiguration;
			buildSettings = {
				COMBINE_HIDPI_IMAGES = YES;
				CONFIGURATION_BUILD_DIR = "/Users/apple/MyProject/ntools/modules/wxlua/wxLua/wxLua-build/bin/Debug/Release";
				EXECUTABLE_PREFIX = "";
				EXECUTABLE_SUFFIX = "";
				GCC_GENERATE_DEBUGGING_SYMBOLS = NO;
				GCC_INLINES_ARE_PRIVATE_EXTERN = NO;
				GCC_OPTIMIZATION_LEVEL = 3;
				GCC_PREPROCESSOR_DEFINITIONS = ("'CMAKE_INTDIR=\"$(CONFIGURATION)$(EFFECTIVE_PLATFORM_NAME)\"'","'_FILE_OFFSET_BITS=64'",__WXMAC__,__WXOSX__,__WXOSX_COCOA__,"'wxLUA_USEBINDING_WXWEBVIEW=0'","'wxLUA_USEBINDING_WXGL=1'","'wxLUA_USEBINDING_WXSTC=1'","'wxLUA_USEBINDING_WXXRC=1'","'wxLUA_USEBINDING_WXRICHTEXT=1'","'wxLUA_USEBINDING_WXPROPGRID=0'","'wxLUA_USEBINDING_WXHTML=1'","'wxLUA_USEBINDING_WXMEDIA=1'","'wxLUA_USEBINDING_WXAUI=1'","'wxLUA_USEBINDING_WXADV=1'","'wxLUA_USEBINDING_WXCORE=1'","'wxLUA_USEBINDING_WXXML=1'","'wxLUA_USEBINDING_WXNET=1'","'wxLUA_USEBINDING_WXBASE=1'");
				GCC_SYMBOLS_PRIVATE_EXTERN = NO;
				HEADER_SEARCH_PATHS = ("/Users/apple/MyProject/ntools/modules/wxWidgets/build-cocoa-debug/lib/wx/include/osx_cocoa-unicode-3.1",/Users/apple/MyProject/ntools/modules/wxWidgets/include,/Users/apple/MyProject/ntools/modules/wxlua/wxLua/modules/wxbind/setup,/Users/apple/MyProject/ntools/modules/wxlua/wxLua,/Users/apple/MyProject/ntools/modules/wxlua/wxLua/modules,"/Users/apple/MyProject/ntools/modules/wxlua/wxLua/modules/lua-5.1/src");
				INFOPLIST_FILE = "/Users/apple/MyProject/ntools/modules/wxlua/wxLua/wxLua-build/apps/wxluacan/CMakeFiles/wxLuaCan.dir/Info.plist";
				INSTALL_PATH = "";
				LD_RUNPATH_SEARCH_PATHS = "/Users/apple/MyProject/ntools/modules/wxWidgets/build-cocoa-debug/lib /Users/apple/MyProject/ntools/modules/wxlua/wxLua/wxLua-build/lib/Debug/Release";
				LIBRARY_SEARCH_PATHS = " /Users/apple/MyProject/ntools/modules/wxWidgets/build-cocoa-debug/lib/$(CONFIGURATION)$(EFFECTIVE_PLATFORM_NAME) /Users/apple/MyProject/ntools/modules/wxWidgets/build-cocoa-debug/lib";
				OTHER_CPLUSPLUSFLAGS = " -I/Users/apple/MyProject/ntools/modules/wxWidgets/include     -DNDEBUG  ";
				OTHER_LDFLAGS = " -Wl,-search_paths_first -Wl,-headerpad_max_install_names  /Users/apple/MyProject/ntools/modules/wxlua/wxLua/wxLua-build/lib/Debug/Release/libwxlua_debugger-wx31osx_cocoau-2.8.12.3.dylib /Users/apple/MyProject/ntools/modules/wxlua/wxLua/wxLua-build/lib/Debug/Release/libwxlua_debug-wx31osx_cocoau-2.8.12.3.dylib -L/Users/apple/MyProject/ntools/modules/wxWidgets/build-cocoa-debug/lib -framework IOKit -framework Carbon -framework Cocoa -framework AudioToolbox -framework System -framework OpenGL -lwx_osx_cocoau_stc-3.1 -lwx_osx_cocoau_gl-3.1 -lwx_osx_cocoau_xrc-3.1 -lwx_baseu_xml-3.1 -lwx_baseu_net-3.1 -lwx_osx_cocoau_media-3.1 -lwx_osx_cocoau_richtext-3.1 -lwx_osx_cocoau_aui-3.1 -lwx_osx_cocoau_html-3.1 -lwx_osx_cocoau_core-3.1 -lwx_baseu-3.1 /Users/apple/MyProject/ntools/modules/wxlua/wxLua/wxLua-build/lib/Debug/Release/libwxlua_bind-wx31osx_cocoau-2.8.12.3.dylib /Users/apple/MyProject/ntools/modules/wxlua/wxLua/wxLua-build/lib/Debug/Release/libwxlua-wx31osx_cocoau-2.8.12.3.dylib /Users/apple/MyProject/ntools/modules/wxlua/wxLua/wxLua-build/lib/Debug/Release/libwxlua_lua51-wx31osx_cocoau-2.8.12.3.dylib -lm -lreadline -L/Users/apple/MyProject/ntools/modules/wxWidgets/build-cocoa-debug/lib -framework IOKit -framework Carbon -framework Cocoa -framework AudioToolbox -framework System -framework OpenGL -lwx_osx_cocoau_stc-3.1 -lwx_osx_cocoau_gl-3.1 -lwx_osx_cocoau_xrc-3.1 -lwx_baseu_xml-3.1 -lwx_baseu_net-3.1 -lwx_osx_cocoau_media-3.1 -lwx_osx_cocoau_richtext-3.1 -lwx_osx_cocoau_aui-3.1 -lwx_osx_cocoau_html-3.1 -lwx_osx_cocoau_core-3.1 -lwx_baseu-3.1";
				OTHER_REZFLAGS = "";
				PRODUCT_NAME = wxLuaCan;
				SECTORDER_FLAGS = "";
				SYMROOT = "/Users/apple/MyProject/ntools/modules/wxlua/wxLua/wxLua-build/apps/wxluacan";
				USE_HEADERMAP = NO;
				WARNING_CFLAGS = ("-Wmost","-Wno-four-char-constants","-Wno-unknown-pragmas","$(inherited)");
			};
			name = Release;
		};
		7C0B0496720A4600969E11CA /* Debug */ = {
			isa = XCBuildConfiguration;
			buildSettings = {
				COMBINE_HIDPI_IMAGES = YES;
				GCC_GENERATE_DEBUGGING_SYMBOLS = YES;
				GCC_INLINES_ARE_PRIVATE_EXTERN = NO;
				GCC_OPTIMIZATION_LEVEL = 0;
				GCC_PREPROCESSOR_DEFINITIONS = ("'CMAKE_INTDIR=\"$(CONFIGURATION)$(EFFECTIVE_PLATFORM_NAME)\"'");
				GCC_SYMBOLS_PRIVATE_EXTERN = NO;
				INSTALL_PATH = "";
				OTHER_LDFLAGS = " ";
				OTHER_REZFLAGS = "";
				PRODUCT_NAME = ALL_BUILD;
				SECTORDER_FLAGS = "";
				SYMROOT = "/Users/apple/MyProject/ntools/modules/wxlua/wxLua/wxLua-build/apps/wxluacan";
				USE_HEADERMAP = NO;
				WARNING_CFLAGS = ("-Wmost","-Wno-four-char-constants","-Wno-unknown-pragmas","$(inherited)");
			};
			name = Debug;
		};
		86AB7F98F67B46D8AD1A2139 /* RelWithDebInfo */ = {
			isa = XCBuildConfiguration;
			buildSettings = {
				COMBINE_HIDPI_IMAGES = YES;
				GCC_GENERATE_DEBUGGING_SYMBOLS = YES;
				GCC_INLINES_ARE_PRIVATE_EXTERN = NO;
				GCC_OPTIMIZATION_LEVEL = 0;
				GCC_PREPROCESSOR_DEFINITIONS = ("'CMAKE_INTDIR=\"$(CONFIGURATION)$(EFFECTIVE_PLATFORM_NAME)\"'");
				GCC_SYMBOLS_PRIVATE_EXTERN = NO;
				INSTALL_PATH = "";
				OTHER_LDFLAGS = " ";
				OTHER_REZFLAGS = "";
				PRODUCT_NAME = install;
				SECTORDER_FLAGS = "";
				SYMROOT = "/Users/apple/MyProject/ntools/modules/wxlua/wxLua/wxLua-build/apps/wxluacan";
				USE_HEADERMAP = NO;
				WARNING_CFLAGS = ("-Wmost","-Wno-four-char-constants","-Wno-unknown-pragmas","$(inherited)");
			};
			name = RelWithDebInfo;
		};
		8C259BAE92524F7AA17048EC /* RelWithDebInfo */ = {
			isa = XCBuildConfiguration;
			buildSettings = {
				COMBINE_HIDPI_IMAGES = YES;
				CONFIGURATION_BUILD_DIR = "/Users/apple/MyProject/ntools/modules/wxlua/wxLua/wxLua-build/bin/Debug/RelWithDebInfo";
				EXECUTABLE_PREFIX = "";
				EXECUTABLE_SUFFIX = "";
				GCC_GENERATE_DEBUGGING_SYMBOLS = YES;
				GCC_INLINES_ARE_PRIVATE_EXTERN = NO;
				GCC_OPTIMIZATION_LEVEL = 2;
				GCC_PREPROCESSOR_DEFINITIONS = ("'CMAKE_INTDIR=\"$(CONFIGURATION)$(EFFECTIVE_PLATFORM_NAME)\"'","'_FILE_OFFSET_BITS=64'",__WXMAC__,__WXOSX__,__WXOSX_COCOA__,"'wxLUA_USEBINDING_WXWEBVIEW=0'","'wxLUA_USEBINDING_WXGL=1'","'wxLUA_USEBINDING_WXSTC=1'","'wxLUA_USEBINDING_WXXRC=1'","'wxLUA_USEBINDING_WXRICHTEXT=1'","'wxLUA_USEBINDING_WXPROPGRID=0'","'wxLUA_USEBINDING_WXHTML=1'","'wxLUA_USEBINDING_WXMEDIA=1'","'wxLUA_USEBINDING_WXAUI=1'","'wxLUA_USEBINDING_WXADV=1'","'wxLUA_USEBINDING_WXCORE=1'","'wxLUA_USEBINDING_WXXML=1'","'wxLUA_USEBINDING_WXNET=1'","'wxLUA_USEBINDING_WXBASE=1'");
				GCC_SYMBOLS_PRIVATE_EXTERN = NO;
				HEADER_SEARCH_PATHS = ("/Users/apple/MyProject/ntools/modules/wxWidgets/build-cocoa-debug/lib/wx/include/osx_cocoa-unicode-3.1",/Users/apple/MyProject/ntools/modules/wxWidgets/include,/Users/apple/MyProject/ntools/modules/wxlua/wxLua/modules/wxbind/setup,/Users/apple/MyProject/ntools/modules/wxlua/wxLua,/Users/apple/MyProject/ntools/modules/wxlua/wxLua/modules,"/Users/apple/MyProject/ntools/modules/wxlua/wxLua/modules/lua-5.1/src");
				INFOPLIST_FILE = "/Users/apple/MyProject/ntools/modules/wxlua/wxLua/wxLua-build/apps/wxluacan/CMakeFiles/wxLuaCan.dir/Info.plist";
				INSTALL_PATH = "";
				LD_RUNPATH_SEARCH_PATHS = "/Users/apple/MyProject/ntools/modules/wxWidgets/build-cocoa-debug/lib /Users/apple/MyProject/ntools/modules/wxlua/wxLua/wxLua-build/lib/Debug/RelWithDebInfo";
				LIBRARY_SEARCH_PATHS = " /Users/apple/MyProject/ntools/modules/wxWidgets/build-cocoa-debug/lib/$(CONFIGURATION)$(EFFECTIVE_PLATFORM_NAME) /Users/apple/MyProject/ntools/modules/wxWidgets/build-cocoa-debug/lib";
				OTHER_CPLUSPLUSFLAGS = " -I/Users/apple/MyProject/ntools/modules/wxWidgets/include        -DNDEBUG  ";
				OTHER_LDFLAGS = " -Wl,-search_paths_first -Wl,-headerpad_max_install_names  /Users/apple/MyProject/ntools/modules/wxlua/wxLua/wxLua-build/lib/Debug/RelWithDebInfo/libwxlua_debugger-wx31osx_cocoau-2.8.12.3.dylib /Users/apple/MyProject/ntools/modules/wxlua/wxLua/wxLua-build/lib/Debug/RelWithDebInfo/libwxlua_debug-wx31osx_cocoau-2.8.12.3.dylib -L/Users/apple/MyProject/ntools/modules/wxWidgets/build-cocoa-debug/lib -framework IOKit -framework Carbon -framework Cocoa -framework AudioToolbox -framework System -framework OpenGL -lwx_osx_cocoau_stc-3.1 -lwx_osx_cocoau_gl-3.1 -lwx_osx_cocoau_xrc-3.1 -lwx_baseu_xml-3.1 -lwx_baseu_net-3.1 -lwx_osx_cocoau_media-3.1 -lwx_osx_cocoau_richtext-3.1 -lwx_osx_cocoau_aui-3.1 -lwx_osx_cocoau_html-3.1 -lwx_osx_cocoau_core-3.1 -lwx_baseu-3.1 /Users/apple/MyProject/ntools/modules/wxlua/wxLua/wxLua-build/lib/Debug/RelWithDebInfo/libwxlua_bind-wx31osx_cocoau-2.8.12.3.dylib /Users/apple/MyProject/ntools/modules/wxlua/wxLua/wxLua-build/lib/Debug/RelWithDebInfo/libwxlua-wx31osx_cocoau-2.8.12.3.dylib /Users/apple/MyProject/ntools/modules/wxlua/wxLua/wxLua-build/lib/Debug/RelWithDebInfo/libwxlua_lua51-wx31osx_cocoau-2.8.12.3.dylib -lm -lreadline -L/Users/apple/MyProject/ntools/modules/wxWidgets/build-cocoa-debug/lib -framework IOKit -framework Carbon -framework Cocoa -framework AudioToolbox -framework System -framework OpenGL -lwx_osx_cocoau_stc-3.1 -lwx_osx_cocoau_gl-3.1 -lwx_osx_cocoau_xrc-3.1 -lwx_baseu_xml-3.1 -lwx_baseu_net-3.1 -lwx_osx_cocoau_media-3.1 -lwx_osx_cocoau_richtext-3.1 -lwx_osx_cocoau_aui-3.1 -lwx_osx_cocoau_html-3.1 -lwx_osx_cocoau_core-3.1 -lwx_baseu-3.1";
				OTHER_REZFLAGS = "";
				PRODUCT_NAME = wxLuaCan;
				SECTORDER_FLAGS = "";
				SYMROOT = "/Users/apple/MyProject/ntools/modules/wxlua/wxLua/wxLua-build/apps/wxluacan";
				USE_HEADERMAP = NO;
				WARNING_CFLAGS = ("-Wmost","-Wno-four-char-constants","-Wno-unknown-pragmas","$(inherited)");
			};
			name = RelWithDebInfo;
		};
		9D72EDB33EE7492AB14E9BC5 /* RelWithDebInfo */ = {
			isa = XCBuildConfiguration;
			buildSettings = {
				COMBINE_HIDPI_IMAGES = YES;
				GCC_GENERATE_DEBUGGING_SYMBOLS = YES;
				GCC_INLINES_ARE_PRIVATE_EXTERN = NO;
				GCC_OPTIMIZATION_LEVEL = 0;
				GCC_PREPROCESSOR_DEFINITIONS = ("'CMAKE_INTDIR=\"$(CONFIGURATION)$(EFFECTIVE_PLATFORM_NAME)\"'");
				GCC_SYMBOLS_PRIVATE_EXTERN = NO;
				INSTALL_PATH = "";
				OTHER_LDFLAGS = " ";
				OTHER_REZFLAGS = "";
				PRODUCT_NAME = ZERO_CHECK;
				SECTORDER_FLAGS = "";
				SYMROOT = "/Users/apple/MyProject/ntools/modules/wxlua/wxLua/wxLua-build/apps/wxluacan";
				USE_HEADERMAP = NO;
				WARNING_CFLAGS = ("-Wmost","-Wno-four-char-constants","-Wno-unknown-pragmas","$(inherited)");
			};
			name = RelWithDebInfo;
		};
		9F95B580F4904B09B783F290 /* RelWithDebInfo */ = {
			isa = XCBuildConfiguration;
			buildSettings = {
				ONLY_ACTIVE_ARCH = YES;
				SDKROOT = /Applications/Xcode.app/Contents/Developer/Platforms/MacOSX.platform/Developer/SDKs/MacOSX10.14.sdk;
				SYMROOT = "/Users/apple/MyProject/ntools/modules/wxlua/wxLua/wxLua-build/apps/wxluacan/build";
			};
			name = RelWithDebInfo;
		};
		AB3E54A35E314A02A9A70C71 /* Debug */ = {
			isa = XCBuildConfiguration;
			buildSettings = {
				COMBINE_HIDPI_IMAGES = YES;
				CONFIGURATION_BUILD_DIR = "/Users/apple/MyProject/ntools/modules/wxlua/wxLua/wxLua-build/bin/Debug/Debug";
				EXECUTABLE_PREFIX = "";
				EXECUTABLE_SUFFIX = "";
				GCC_GENERATE_DEBUGGING_SYMBOLS = YES;
				GCC_INLINES_ARE_PRIVATE_EXTERN = NO;
				GCC_OPTIMIZATION_LEVEL = 0;
				GCC_PREPROCESSOR_DEFINITIONS = ("'CMAKE_INTDIR=\"$(CONFIGURATION)$(EFFECTIVE_PLATFORM_NAME)\"'","'_FILE_OFFSET_BITS=64'",__WXMAC__,__WXOSX__,__WXOSX_COCOA__,"'wxLUA_USEBINDING_WXWEBVIEW=0'","'wxLUA_USEBINDING_WXGL=1'","'wxLUA_USEBINDING_WXSTC=1'","'wxLUA_USEBINDING_WXXRC=1'","'wxLUA_USEBINDING_WXRICHTEXT=1'","'wxLUA_USEBINDING_WXPROPGRID=0'","'wxLUA_USEBINDING_WXHTML=1'","'wxLUA_USEBINDING_WXMEDIA=1'","'wxLUA_USEBINDING_WXAUI=1'","'wxLUA_USEBINDING_WXADV=1'","'wxLUA_USEBINDING_WXCORE=1'","'wxLUA_USEBINDING_WXXML=1'","'wxLUA_USEBINDING_WXNET=1'","'wxLUA_USEBINDING_WXBASE=1'");
				GCC_SYMBOLS_PRIVATE_EXTERN = NO;
				HEADER_SEARCH_PATHS = ("/Users/apple/MyProject/ntools/modules/wxWidgets/build-cocoa-debug/lib/wx/include/osx_cocoa-unicode-3.1",/Users/apple/MyProject/ntools/modules/wxWidgets/include,/Users/apple/MyProject/ntools/modules/wxlua/wxLua/modules/wxbind/setup,/Users/apple/MyProject/ntools/modules/wxlua/wxLua,/Users/apple/MyProject/ntools/modules/wxlua/wxLua/modules,"/Users/apple/MyProject/ntools/modules/wxlua/wxLua/modules/lua-5.1/src");
				INFOPLIST_FILE = "/Users/apple/MyProject/ntools/modules/wxlua/wxLua/wxLua-build/apps/wxluacan/CMakeFiles/wxLuaCan.dir/Info.plist";
				INSTALL_PATH = "";
				LD_RUNPATH_SEARCH_PATHS = "/Users/apple/MyProject/ntools/modules/wxWidgets/build-cocoa-debug/lib /Users/apple/MyProject/ntools/modules/wxlua/wxLua/wxLua-build/lib/Debug/Debug";
				LIBRARY_SEARCH_PATHS = " /Users/apple/MyProject/ntools/modules/wxWidgets/build-cocoa-debug/lib/$(CONFIGURATION)$(EFFECTIVE_PLATFORM_NAME) /Users/apple/MyProject/ntools/modules/wxWidgets/build-cocoa-debug/lib";
				OTHER_CPLUSPLUSFLAGS = " -I/Users/apple/MyProject/ntools/modules/wxWidgets/include     ";
				OTHER_LDFLAGS = " -Wl,-search_paths_first -Wl,-headerpad_max_install_names  /Users/apple/MyProject/ntools/modules/wxlua/wxLua/wxLua-build/lib/Debug/Debug/libwxlua_debugger-wx31osx_cocoaud-2.8.12.3.dylib /Users/apple/MyProject/ntools/modules/wxlua/wxLua/wxLua-build/lib/Debug/Debug/libwxlua_debug-wx31osx_cocoaud-2.8.12.3.dylib -L/Users/apple/MyProject/ntools/modules/wxWidgets/build-cocoa-debug/lib -framework IOKit -framework Carbon -framework Cocoa -framework AudioToolbox -framework System -framework OpenGL -lwx_osx_cocoau_stc-3.1 -lwx_osx_cocoau_gl-3.1 -lwx_osx_cocoau_xrc-3.1 -lwx_baseu_xml-3.1 -lwx_baseu_net-3.1 -lwx_osx_cocoau_media-3.1 -lwx_osx_cocoau_richtext-3.1 -lwx_osx_cocoau_aui-3.1 -lwx_osx_cocoau_html-3.1 -lwx_osx_cocoau_core-3.1 -lwx_baseu-3.1 /Users/apple/MyProject/ntools/modules/wxlua/wxLua/wxLua-build/lib/Debug/Debug/libwxlua_bind-wx31osx_cocoaud-2.8.12.3.dylib /Users/apple/MyProject/ntools/modules/wxlua/wxLua/wxLua-build/lib/Debug/Debug/libwxlua-wx31osx_cocoaud-2.8.12.3.dylib /Users/apple/MyProject/ntools/modules/wxlua/wxLua/wxLua-build/lib/Debug/Debug/libwxlua_lua51-wx31osx_cocoaud-2.8.12.3.dylib -lm -lreadline -L/Users/apple/MyProject/ntools/modules/wxWidgets/build-cocoa-debug/lib -framework IOKit -framework Carbon -framework Cocoa -framework AudioToolbox -framework System -framework OpenGL -lwx_osx_cocoau_stc-3.1 -lwx_osx_cocoau_gl-3.1 -lwx_osx_cocoau_xrc-3.1 -lwx_baseu_xml-3.1 -lwx_baseu_net-3.1 -lwx_osx_cocoau_media-3.1 -lwx_osx_cocoau_richtext-3.1 -lwx_osx_cocoau_aui-3.1 -lwx_osx_cocoau_html-3.1 -lwx_osx_cocoau_core-3.1 -lwx_baseu-3.1";
				OTHER_REZFLAGS = "";
				PRODUCT_NAME = wxLuaCan;
				SECTORDER_FLAGS = "";
				SYMROOT = "/Users/apple/MyProject/ntools/modules/wxlua/wxLua/wxLua-build/apps/wxluacan";
				USE_HEADERMAP = NO;
				WARNING_CFLAGS = ("-Wmost","-Wno-four-char-constants","-Wno-unknown-pragmas","$(inherited)");
			};
			name = Debug;
		};
		B30B115690274E80AFDF214F /* Release */ = {
			isa = XCBuildConfiguration;
			buildSettings = {
				COMBINE_HIDPI_IMAGES = YES;
				GCC_GENERATE_DEBUGGING_SYMBOLS = YES;
				GCC_INLINES_ARE_PRIVATE_EXTERN = NO;
				GCC_OPTIMIZATION_LEVEL = 0;
				GCC_PREPROCESSOR_DEFINITIONS = ("'CMAKE_INTDIR=\"$(CONFIGURATION)$(EFFECTIVE_PLATFORM_NAME)\"'");
				GCC_SYMBOLS_PRIVATE_EXTERN = NO;
				INSTALL_PATH = "";
				OTHER_LDFLAGS = " ";
				OTHER_REZFLAGS = "";
				PRODUCT_NAME = ALL_BUILD;
				SECTORDER_FLAGS = "";
				SYMROOT = "/Users/apple/MyProject/ntools/modules/wxlua/wxLua/wxLua-build/apps/wxluacan";
				USE_HEADERMAP = NO;
				WARNING_CFLAGS = ("-Wmost","-Wno-four-char-constants","-Wno-unknown-pragmas","$(inherited)");
			};
			name = Release;
		};
		CFB4A0C231574A758619F649 /* RelWithDebInfo */ = {
			isa = XCBuildConfiguration;
			buildSettings = {
				COMBINE_HIDPI_IMAGES = YES;
				GCC_GENERATE_DEBUGGING_SYMBOLS = YES;
				GCC_INLINES_ARE_PRIVATE_EXTERN = NO;
				GCC_OPTIMIZATION_LEVEL = 0;
				GCC_PREPROCESSOR_DEFINITIONS = ("'CMAKE_INTDIR=\"$(CONFIGURATION)$(EFFECTIVE_PLATFORM_NAME)\"'");
				GCC_SYMBOLS_PRIVATE_EXTERN = NO;
				INSTALL_PATH = "";
				OTHER_LDFLAGS = " ";
				OTHER_REZFLAGS = "";
				PRODUCT_NAME = ALL_BUILD;
				SECTORDER_FLAGS = "";
				SYMROOT = "/Users/apple/MyProject/ntools/modules/wxlua/wxLua/wxLua-build/apps/wxluacan";
				USE_HEADERMAP = NO;
				WARNING_CFLAGS = ("-Wmost","-Wno-four-char-constants","-Wno-unknown-pragmas","$(inherited)");
			};
			name = RelWithDebInfo;
		};
		CFC84C82052C4D5EACE0B586 /* MinSizeRel */ = {
			isa = XCBuildConfiguration;
			buildSettings = {
				COMBINE_HIDPI_IMAGES = YES;
				CONFIGURATION_BUILD_DIR = "/Users/apple/MyProject/ntools/modules/wxlua/wxLua/wxLua-build/bin/Debug/MinSizeRel";
				EXECUTABLE_PREFIX = "";
				EXECUTABLE_SUFFIX = "";
				GCC_GENERATE_DEBUGGING_SYMBOLS = NO;
				GCC_INLINES_ARE_PRIVATE_EXTERN = NO;
				GCC_OPTIMIZATION_LEVEL = s;
				GCC_PREPROCESSOR_DEFINITIONS = ("'CMAKE_INTDIR=\"$(CONFIGURATION)$(EFFECTIVE_PLATFORM_NAME)\"'","'_FILE_OFFSET_BITS=64'",__WXMAC__,__WXOSX__,__WXOSX_COCOA__,"'wxLUA_USEBINDING_WXWEBVIEW=0'","'wxLUA_USEBINDING_WXGL=1'","'wxLUA_USEBINDING_WXSTC=1'","'wxLUA_USEBINDING_WXXRC=1'","'wxLUA_USEBINDING_WXRICHTEXT=1'","'wxLUA_USEBINDING_WXPROPGRID=0'","'wxLUA_USEBINDING_WXHTML=1'","'wxLUA_USEBINDING_WXMEDIA=1'","'wxLUA_USEBINDING_WXAUI=1'","'wxLUA_USEBINDING_WXADV=1'","'wxLUA_USEBINDING_WXCORE=1'","'wxLUA_USEBINDING_WXXML=1'","'wxLUA_USEBINDING_WXNET=1'","'wxLUA_USEBINDING_WXBASE=1'");
				GCC_SYMBOLS_PRIVATE_EXTERN = NO;
				HEADER_SEARCH_PATHS = ("/Users/apple/MyProject/ntools/modules/wxWidgets/build-cocoa-debug/lib/wx/include/osx_cocoa-unicode-3.1",/Users/apple/MyProject/ntools/modules/wxWidgets/include,/Users/apple/MyProject/ntools/modules/wxlua/wxLua/modules/wxbind/setup,/Users/apple/MyProject/ntools/modules/wxlua/wxLua,/Users/apple/MyProject/ntools/modules/wxlua/wxLua/modules,"/Users/apple/MyProject/ntools/modules/wxlua/wxLua/modules/lua-5.1/src");
				INFOPLIST_FILE = "/Users/apple/MyProject/ntools/modules/wxlua/wxLua/wxLua-build/apps/wxluacan/CMakeFiles/wxLuaCan.dir/Info.plist";
				INSTALL_PATH = "";
				LD_RUNPATH_SEARCH_PATHS = "/Users/apple/MyProject/ntools/modules/wxWidgets/build-cocoa-debug/lib /Users/apple/MyProject/ntools/modules/wxlua/wxLua/wxLua-build/lib/Debug/MinSizeRel";
				LIBRARY_SEARCH_PATHS = " /Users/apple/MyProject/ntools/modules/wxWidgets/build-cocoa-debug/lib/$(CONFIGURATION)$(EFFECTIVE_PLATFORM_NAME) /Users/apple/MyProject/ntools/modules/wxWidgets/build-cocoa-debug/lib";
				OTHER_CPLUSPLUSFLAGS = " -I/Users/apple/MyProject/ntools/modules/wxWidgets/include     -DNDEBUG  ";
				OTHER_LDFLAGS = " -Wl,-search_paths_first -Wl,-headerpad_max_install_names  /Users/apple/MyProject/ntools/modules/wxlua/wxLua/wxLua-build/lib/Debug/MinSizeRel/libwxlua_debugger-wx31osx_cocoau-2.8.12.3.dylib /Users/apple/MyProject/ntools/modules/wxlua/wxLua/wxLua-build/lib/Debug/MinSizeRel/libwxlua_debug-wx31osx_cocoau-2.8.12.3.dylib -L/Users/apple/MyProject/ntools/modules/wxWidgets/build-cocoa-debug/lib -framework IOKit -framework Carbon -framework Cocoa -framework AudioToolbox -framework System -framework OpenGL -lwx_osx_cocoau_stc-3.1 -lwx_osx_cocoau_gl-3.1 -lwx_osx_cocoau_xrc-3.1 -lwx_baseu_xml-3.1 -lwx_baseu_net-3.1 -lwx_osx_cocoau_media-3.1 -lwx_osx_cocoau_richtext-3.1 -lwx_osx_cocoau_aui-3.1 -lwx_osx_cocoau_html-3.1 -lwx_osx_cocoau_core-3.1 -lwx_baseu-3.1 /Users/apple/MyProject/ntools/modules/wxlua/wxLua/wxLua-build/lib/Debug/MinSizeRel/libwxlua_bind-wx31osx_cocoau-2.8.12.3.dylib /Users/apple/MyProject/ntools/modules/wxlua/wxLua/wxLua-build/lib/Debug/MinSizeRel/libwxlua-wx31osx_cocoau-2.8.12.3.dylib /Users/apple/MyProject/ntools/modules/wxlua/wxLua/wxLua-build/lib/Debug/MinSizeRel/libwxlua_lua51-wx31osx_cocoau-2.8.12.3.dylib -lm -lreadline -L/Users/apple/MyProject/ntools/modules/wxWidgets/build-cocoa-debug/lib -framework IOKit -framework Carbon -framework Cocoa -framework AudioToolbox -framework System -framework OpenGL -lwx_osx_cocoau_stc-3.1 -lwx_osx_cocoau_gl-3.1 -lwx_osx_cocoau_xrc-3.1 -lwx_baseu_xml-3.1 -lwx_baseu_net-3.1 -lwx_osx_cocoau_media-3.1 -lwx_osx_cocoau_richtext-3.1 -lwx_osx_cocoau_aui-3.1 -lwx_osx_cocoau_html-3.1 -lwx_osx_cocoau_core-3.1 -lwx_baseu-3.1";
				OTHER_REZFLAGS = "";
				PRODUCT_NAME = wxLuaCan;
				SECTORDER_FLAGS = "";
				SYMROOT = "/Users/apple/MyProject/ntools/modules/wxlua/wxLua/wxLua-build/apps/wxluacan";
				USE_HEADERMAP = NO;
				WARNING_CFLAGS = ("-Wmost","-Wno-four-char-constants","-Wno-unknown-pragmas","$(inherited)");
			};
			name = MinSizeRel;
		};
		D5370DF0432B4BA7A3C69DB7 /* Release */ = {
			isa = XCBuildConfiguration;
			buildSettings = {
				ONLY_ACTIVE_ARCH = YES;
				SDKROOT = /Applications/Xcode.app/Contents/Developer/Platforms/MacOSX.platform/Developer/SDKs/MacOSX10.14.sdk;
				SYMROOT = "/Users/apple/MyProject/ntools/modules/wxlua/wxLua/wxLua-build/apps/wxluacan/build";
			};
			name = Release;
		};
		DCF18EFCAA5B4B15B1380696 /* Debug */ = {
			isa = XCBuildConfiguration;
			buildSettings = {
				COMBINE_HIDPI_IMAGES = YES;
				GCC_GENERATE_DEBUGGING_SYMBOLS = YES;
				GCC_INLINES_ARE_PRIVATE_EXTERN = NO;
				GCC_OPTIMIZATION_LEVEL = 0;
				GCC_PREPROCESSOR_DEFINITIONS = ("'CMAKE_INTDIR=\"$(CONFIGURATION)$(EFFECTIVE_PLATFORM_NAME)\"'");
				GCC_SYMBOLS_PRIVATE_EXTERN = NO;
				INSTALL_PATH = "";
				OTHER_LDFLAGS = " ";
				OTHER_REZFLAGS = "";
				PRODUCT_NAME = install;
				SECTORDER_FLAGS = "";
				SYMROOT = "/Users/apple/MyProject/ntools/modules/wxlua/wxLua/wxLua-build/apps/wxluacan";
				USE_HEADERMAP = NO;
				WARNING_CFLAGS = ("-Wmost","-Wno-four-char-constants","-Wno-unknown-pragmas","$(inherited)");
			};
			name = Debug;
		};
		E03FF16C519B420BA79660F7 /* Release */ = {
			isa = XCBuildConfiguration;
			buildSettings = {
				COMBINE_HIDPI_IMAGES = YES;
				GCC_GENERATE_DEBUGGING_SYMBOLS = YES;
				GCC_INLINES_ARE_PRIVATE_EXTERN = NO;
				GCC_OPTIMIZATION_LEVEL = 0;
				GCC_PREPROCESSOR_DEFINITIONS = ("'CMAKE_INTDIR=\"$(CONFIGURATION)$(EFFECTIVE_PLATFORM_NAME)\"'");
				GCC_SYMBOLS_PRIVATE_EXTERN = NO;
				INSTALL_PATH = "";
				OTHER_LDFLAGS = " ";
				OTHER_REZFLAGS = "";
				PRODUCT_NAME = install;
				SECTORDER_FLAGS = "";
				SYMROOT = "/Users/apple/MyProject/ntools/modules/wxlua/wxLua/wxLua-build/apps/wxluacan";
				USE_HEADERMAP = NO;
				WARNING_CFLAGS = ("-Wmost","-Wno-four-char-constants","-Wno-unknown-pragmas","$(inherited)");
			};
			name = Release;
		};
		EAE21D692E4949EA8BEFA6B0 /* MinSizeRel */ = {
			isa = XCBuildConfiguration;
			buildSettings = {
				COMBINE_HIDPI_IMAGES = YES;
				GCC_GENERATE_DEBUGGING_SYMBOLS = YES;
				GCC_INLINES_ARE_PRIVATE_EXTERN = NO;
				GCC_OPTIMIZATION_LEVEL = 0;
				GCC_PREPROCESSOR_DEFINITIONS = ("'CMAKE_INTDIR=\"$(CONFIGURATION)$(EFFECTIVE_PLATFORM_NAME)\"'");
				GCC_SYMBOLS_PRIVATE_EXTERN = NO;
				INSTALL_PATH = "";
				OTHER_LDFLAGS = " ";
				OTHER_REZFLAGS = "";
				PRODUCT_NAME = ALL_BUILD;
				SECTORDER_FLAGS = "";
				SYMROOT = "/Users/apple/MyProject/ntools/modules/wxlua/wxLua/wxLua-build/apps/wxluacan";
				USE_HEADERMAP = NO;
				WARNING_CFLAGS = ("-Wmost","-Wno-four-char-constants","-Wno-unknown-pragmas","$(inherited)");
			};
			name = MinSizeRel;
		};
		F11761A976CE492CA26BA176 /* Debug */ = {
			isa = XCBuildConfiguration;
			buildSettings = {
				COMBINE_HIDPI_IMAGES = YES;
				GCC_GENERATE_DEBUGGING_SYMBOLS = YES;
				GCC_INLINES_ARE_PRIVATE_EXTERN = NO;
				GCC_OPTIMIZATION_LEVEL = 0;
				GCC_PREPROCESSOR_DEFINITIONS = ("'CMAKE_INTDIR=\"$(CONFIGURATION)$(EFFECTIVE_PLATFORM_NAME)\"'");
				GCC_SYMBOLS_PRIVATE_EXTERN = NO;
				INSTALL_PATH = "";
				OTHER_LDFLAGS = " ";
				OTHER_REZFLAGS = "";
				PRODUCT_NAME = ZERO_CHECK;
				SECTORDER_FLAGS = "";
				SYMROOT = "/Users/apple/MyProject/ntools/modules/wxlua/wxLua/wxLua-build/apps/wxluacan";
				USE_HEADERMAP = NO;
				WARNING_CFLAGS = ("-Wmost","-Wno-four-char-constants","-Wno-unknown-pragmas","$(inherited)");
			};
			name = Debug;
		};
/* End XCBuildConfiguration section */

/* Begin XCConfigurationList section */
		15D9FB1E500D4DA7AF212BC5 /* Build configuration list for PBXAggregateTarget "ALL_BUILD" */ = {
			isa = XCConfigurationList;
			buildConfigurations = (
				7C0B0496720A4600969E11CA /* Debug */,
				B30B115690274E80AFDF214F /* Release */,
				EAE21D692E4949EA8BEFA6B0 /* MinSizeRel */,
				CFB4A0C231574A758619F649 /* RelWithDebInfo */,
			);
			defaultConfigurationIsVisible = 0;
			defaultConfigurationName = Debug;
		};
		4ADCE0EECB08457D8EA607C7 /* Build configuration list for PBXAggregateTarget "install" */ = {
			isa = XCConfigurationList;
			buildConfigurations = (
				DCF18EFCAA5B4B15B1380696 /* Debug */,
				E03FF16C519B420BA79660F7 /* Release */,
				67623CE1946746E790882354 /* MinSizeRel */,
				86AB7F98F67B46D8AD1A2139 /* RelWithDebInfo */,
			);
			defaultConfigurationIsVisible = 0;
			defaultConfigurationName = Debug;
		};
		57F921F509D34D518673BC51 /* Build configuration list for PBXAggregateTarget "ZERO_CHECK" */ = {
			isa = XCConfigurationList;
			buildConfigurations = (
				F11761A976CE492CA26BA176 /* Debug */,
				560AD89F78A547C483EC757C /* Release */,
				52D177D307FB4CE88F93109D /* MinSizeRel */,
				9D72EDB33EE7492AB14E9BC5 /* RelWithDebInfo */,
			);
			defaultConfigurationIsVisible = 0;
			defaultConfigurationName = Debug;
		};
		593CE0CDFF244FF89EAAE508 /* Build configuration list for PBXNativeTarget "wxLuaCan" */ = {
			isa = XCConfigurationList;
			buildConfigurations = (
				AB3E54A35E314A02A9A70C71 /* Debug */,
				716CBF04AB934B7E94D10EA2 /* Release */,
				CFC84C82052C4D5EACE0B586 /* MinSizeRel */,
				8C259BAE92524F7AA17048EC /* RelWithDebInfo */,
			);
			defaultConfigurationIsVisible = 0;
			defaultConfigurationName = Debug;
		};
		7DAAEC852492452FAA912EF7 /* Build configuration list for PBXAggregateTarget "package" */ = {
			isa = XCConfigurationList;
			buildConfigurations = (
				091C2F29EA764577B37697EA /* Debug */,
				2FDB65918C1F4687932B43DE /* Release */,
				3725295F67B34F5897284FFD /* MinSizeRel */,
				23109D9F63584143BBE47EBB /* RelWithDebInfo */,
			);
			defaultConfigurationIsVisible = 0;
			defaultConfigurationName = Debug;
		};
		8620545C70F1429797A5D1E6 /* Build configuration list for PBXProject "wxLua_Apps_wxLuaCan" */ = {
			isa = XCConfigurationList;
			buildConfigurations = (
				4C9DB83D108041ACB37D6310 /* Debug */,
				D5370DF0432B4BA7A3C69DB7 /* Release */,
				05AA1D54D43242379461BF58 /* MinSizeRel */,
				9F95B580F4904B09B783F290 /* RelWithDebInfo */,
			);
			defaultConfigurationIsVisible = 0;
			defaultConfigurationName = Debug;
		};
/* End XCConfigurationList section */
	};
	rootObject = 144F1A680413403B85E4320A /* Project object */;
}
